// !$*UTF8*$!
{
	archiveVersion = 1;
	classes = {
	};
	objectVersion = 51;
	objects = {

/* Begin PBXBuildFile section */
		4EDDE27430B87775AFBF6900 /* Pods_EnjoyTaskTests.framework in Frameworks */ = {isa = PBXBuildFile; fileRef = C284C4F7141A1ADEEF38B1A0 /* Pods_EnjoyTaskTests.framework */; };
		59D953951557A72FAF2B592F /* Pods_EnjoyTask.framework in Frameworks */ = {isa = PBXBuildFile; fileRef = 0C6573E63806676D55D2A50E /* Pods_EnjoyTask.framework */; };
		5D39894038D899AAA76947E2 /* Pods_EnjoyTask_EnjoyTaskUITests.framework in Frameworks */ = {isa = PBXBuildFile; fileRef = 2285E0969D44EE849F1BA09F /* Pods_EnjoyTask_EnjoyTaskUITests.framework */; };
		8E59FA8D2341ECA200299CA3 /* TaskListInterfaces.swift in Sources */ = {isa = PBXBuildFile; fileRef = 8E59FA8C2341ECA200299CA3 /* TaskListInterfaces.swift */; };
		8E59FA8F2341ED0400299CA3 /* TaskListViewController.swift in Sources */ = {isa = PBXBuildFile; fileRef = 8E59FA8E2341ED0400299CA3 /* TaskListViewController.swift */; };
		8E59FA912341ED1600299CA3 /* TaskListPresenter.swift in Sources */ = {isa = PBXBuildFile; fileRef = 8E59FA902341ED1600299CA3 /* TaskListPresenter.swift */; };
		8E59FA932341ED2100299CA3 /* TaskListWireframe.swift in Sources */ = {isa = PBXBuildFile; fileRef = 8E59FA922341ED2100299CA3 /* TaskListWireframe.swift */; };
		8EB96565234B3EF9000DFD8F /* DialogWireframe.swift in Sources */ = {isa = PBXBuildFile; fileRef = 8EB96564234B3EF9000DFD8F /* DialogWireframe.swift */; };
		8EDF6FE9233E055C00656702 /* AuthInfoInteractor.swift in Sources */ = {isa = PBXBuildFile; fileRef = 8EDF6FE8233E055C00656702 /* AuthInfoInteractor.swift */; };
		8EDF6FEB233E058800656702 /* UseCaseInterface.swift in Sources */ = {isa = PBXBuildFile; fileRef = 8EDF6FEA233E058800656702 /* UseCaseInterface.swift */; };
		9210A0A1233F9CC20086556C /* AccessibilityIdentifiers.swift in Sources */ = {isa = PBXBuildFile; fileRef = 9210A0A0233F9CC20086556C /* AccessibilityIdentifiers.swift */; };
		929DF7C0233FA3510005562E /* LoginUITests.swift in Sources */ = {isa = PBXBuildFile; fileRef = 929DF7BF233FA3510005562E /* LoginUITests.swift */; };
		929DF7C2233FB1660005562E /* AccessibilityIdentifiers.swift in Sources */ = {isa = PBXBuildFile; fileRef = 9210A0A0233F9CC20086556C /* AccessibilityIdentifiers.swift */; };
		92EDE1AF232E80A400B3D94E /* AppDelegate.swift in Sources */ = {isa = PBXBuildFile; fileRef = 92EDE1AE232E80A400B3D94E /* AppDelegate.swift */; };
		92EDE1B1232E80A400B3D94E /* SceneDelegate.swift in Sources */ = {isa = PBXBuildFile; fileRef = 92EDE1B0232E80A400B3D94E /* SceneDelegate.swift */; };
		92EDE1B6232E80A400B3D94E /* Main.storyboard in Resources */ = {isa = PBXBuildFile; fileRef = 92EDE1B4232E80A400B3D94E /* Main.storyboard */; };
		92EDE1B8232E80A500B3D94E /* Assets.xcassets in Resources */ = {isa = PBXBuildFile; fileRef = 92EDE1B7232E80A500B3D94E /* Assets.xcassets */; };
		92EDE1BB232E80A500B3D94E /* LaunchScreen.storyboard in Resources */ = {isa = PBXBuildFile; fileRef = 92EDE1B9232E80A500B3D94E /* LaunchScreen.storyboard */; };
		92EDE1D1232E80A600B3D94E /* EnjoyTaskUITests.swift in Sources */ = {isa = PBXBuildFile; fileRef = 92EDE1D0232E80A600B3D94E /* EnjoyTaskUITests.swift */; };
		92EDE1DF232E839C00B3D94E /* README.md in Resources */ = {isa = PBXBuildFile; fileRef = 92EDE1DE232E839C00B3D94E /* README.md */; };
		92EDE1EE232F607100B3D94E /* RegisterViewController.swift in Sources */ = {isa = PBXBuildFile; fileRef = 92EDE1ED232F607100B3D94E /* RegisterViewController.swift */; };
		92EDE1F0232F609900B3D94E /* RegisterInterfaces.swift in Sources */ = {isa = PBXBuildFile; fileRef = 92EDE1EF232F609900B3D94E /* RegisterInterfaces.swift */; };
		92EDE1F2232F60BA00B3D94E /* RegisterPresenter.swift in Sources */ = {isa = PBXBuildFile; fileRef = 92EDE1F1232F60BA00B3D94E /* RegisterPresenter.swift */; };
		92EDE1F4232F60C900B3D94E /* RegisterWireframe.swift in Sources */ = {isa = PBXBuildFile; fileRef = 92EDE1F3232F60C900B3D94E /* RegisterWireframe.swift */; };
		92EDE1F8232F67EA00B3D94E /* RegsiterPresenterTests.swift in Sources */ = {isa = PBXBuildFile; fileRef = 92EDE1F7232F67EA00B3D94E /* RegsiterPresenterTests.swift */; };
		92EDE1FB232F701400B3D94E /* GeneratedMocks.swift in Sources */ = {isa = PBXBuildFile; fileRef = 92EDE1FA232F701400B3D94E /* GeneratedMocks.swift */; };
		92EDE207232F919700B3D94E /* GoogleService-Info.plist in Resources */ = {isa = PBXBuildFile; fileRef = 92EDE206232F919600B3D94E /* GoogleService-Info.plist */; };
		92EDE209232FBEF700B3D94E /* LoginInterfaces.swift in Sources */ = {isa = PBXBuildFile; fileRef = 92EDE208232FBEF700B3D94E /* LoginInterfaces.swift */; };
		92EDE20B232FBF0300B3D94E /* LoginViewController.swift in Sources */ = {isa = PBXBuildFile; fileRef = 92EDE20A232FBF0300B3D94E /* LoginViewController.swift */; };
		92EDE20D232FBF1100B3D94E /* LoginPresenter.swift in Sources */ = {isa = PBXBuildFile; fileRef = 92EDE20C232FBF1100B3D94E /* LoginPresenter.swift */; };
		92EDE20F232FBF1C00B3D94E /* LoginWireframe.swift in Sources */ = {isa = PBXBuildFile; fileRef = 92EDE20E232FBF1C00B3D94E /* LoginWireframe.swift */; };
		92EDE212232FBFF100B3D94E /* RootRouter.swift in Sources */ = {isa = PBXBuildFile; fileRef = 92EDE211232FBFF100B3D94E /* RootRouter.swift */; };
		92EDE215232FCFE200B3D94E /* LoginPresenterTests.swift in Sources */ = {isa = PBXBuildFile; fileRef = 92EDE214232FCFE200B3D94E /* LoginPresenterTests.swift */; };
/* End PBXBuildFile section */

/* Begin PBXContainerItemProxy section */
		92EDE1C2232E80A600B3D94E /* PBXContainerItemProxy */ = {
			isa = PBXContainerItemProxy;
			containerPortal = 92EDE1A3232E80A400B3D94E /* Project object */;
			proxyType = 1;
			remoteGlobalIDString = 92EDE1AA232E80A400B3D94E;
			remoteInfo = EnjoyTask;
		};
		92EDE1CD232E80A600B3D94E /* PBXContainerItemProxy */ = {
			isa = PBXContainerItemProxy;
			containerPortal = 92EDE1A3232E80A400B3D94E /* Project object */;
			proxyType = 1;
			remoteGlobalIDString = 92EDE1AA232E80A400B3D94E;
			remoteInfo = EnjoyTask;
		};
/* End PBXContainerItemProxy section */

/* Begin PBXFileReference section */
		07BF8186AAAFBAFBD802AD00 /* Pods-EnjoyTask-EnjoyTaskUITests.staging.xcconfig */ = {isa = PBXFileReference; includeInIndex = 1; lastKnownFileType = text.xcconfig; name = "Pods-EnjoyTask-EnjoyTaskUITests.staging.xcconfig"; path = "Target Support Files/Pods-EnjoyTask-EnjoyTaskUITests/Pods-EnjoyTask-EnjoyTaskUITests.staging.xcconfig"; sourceTree = "<group>"; };
		0C6573E63806676D55D2A50E /* Pods_EnjoyTask.framework */ = {isa = PBXFileReference; explicitFileType = wrapper.framework; includeInIndex = 0; path = Pods_EnjoyTask.framework; sourceTree = BUILT_PRODUCTS_DIR; };
		14472CBB385B6EE829FFDE77 /* Pods-EnjoyTask-EnjoyTaskUITests.debug.xcconfig */ = {isa = PBXFileReference; includeInIndex = 1; lastKnownFileType = text.xcconfig; name = "Pods-EnjoyTask-EnjoyTaskUITests.debug.xcconfig"; path = "Target Support Files/Pods-EnjoyTask-EnjoyTaskUITests/Pods-EnjoyTask-EnjoyTaskUITests.debug.xcconfig"; sourceTree = "<group>"; };
		2285E0969D44EE849F1BA09F /* Pods_EnjoyTask_EnjoyTaskUITests.framework */ = {isa = PBXFileReference; explicitFileType = wrapper.framework; includeInIndex = 0; path = Pods_EnjoyTask_EnjoyTaskUITests.framework; sourceTree = BUILT_PRODUCTS_DIR; };
		3C7DFC52220A859244B11FC8 /* Pods-EnjoyTask.debug.xcconfig */ = {isa = PBXFileReference; includeInIndex = 1; lastKnownFileType = text.xcconfig; name = "Pods-EnjoyTask.debug.xcconfig"; path = "Target Support Files/Pods-EnjoyTask/Pods-EnjoyTask.debug.xcconfig"; sourceTree = "<group>"; };
		6DF7B13B051EE2538598957A /* Pods-EnjoyTask-EnjoyTaskUITests.release.xcconfig */ = {isa = PBXFileReference; includeInIndex = 1; lastKnownFileType = text.xcconfig; name = "Pods-EnjoyTask-EnjoyTaskUITests.release.xcconfig"; path = "Target Support Files/Pods-EnjoyTask-EnjoyTaskUITests/Pods-EnjoyTask-EnjoyTaskUITests.release.xcconfig"; sourceTree = "<group>"; };
		87BD2DC32F3B19CCA4A12113 /* Pods-EnjoyTask.release.xcconfig */ = {isa = PBXFileReference; includeInIndex = 1; lastKnownFileType = text.xcconfig; name = "Pods-EnjoyTask.release.xcconfig"; path = "Target Support Files/Pods-EnjoyTask/Pods-EnjoyTask.release.xcconfig"; sourceTree = "<group>"; };
		8E59FA8C2341ECA200299CA3 /* TaskListInterfaces.swift */ = {isa = PBXFileReference; lastKnownFileType = sourcecode.swift; path = TaskListInterfaces.swift; sourceTree = "<group>"; };
		8E59FA8E2341ED0400299CA3 /* TaskListViewController.swift */ = {isa = PBXFileReference; lastKnownFileType = sourcecode.swift; path = TaskListViewController.swift; sourceTree = "<group>"; };
		8E59FA902341ED1600299CA3 /* TaskListPresenter.swift */ = {isa = PBXFileReference; lastKnownFileType = sourcecode.swift; path = TaskListPresenter.swift; sourceTree = "<group>"; };
		8E59FA922341ED2100299CA3 /* TaskListWireframe.swift */ = {isa = PBXFileReference; lastKnownFileType = sourcecode.swift; path = TaskListWireframe.swift; sourceTree = "<group>"; };
		8EB96564234B3EF9000DFD8F /* DialogWireframe.swift */ = {isa = PBXFileReference; lastKnownFileType = sourcecode.swift; path = DialogWireframe.swift; sourceTree = "<group>"; };
		8EDF6FE8233E055C00656702 /* AuthInfoInteractor.swift */ = {isa = PBXFileReference; lastKnownFileType = sourcecode.swift; path = AuthInfoInteractor.swift; sourceTree = "<group>"; };
		8EDF6FEA233E058800656702 /* UseCaseInterface.swift */ = {isa = PBXFileReference; lastKnownFileType = sourcecode.swift; path = UseCaseInterface.swift; sourceTree = "<group>"; };
		9210A0A0233F9CC20086556C /* AccessibilityIdentifiers.swift */ = {isa = PBXFileReference; lastKnownFileType = sourcecode.swift; path = AccessibilityIdentifiers.swift; sourceTree = "<group>"; };
		929DF7BF233FA3510005562E /* LoginUITests.swift */ = {isa = PBXFileReference; lastKnownFileType = sourcecode.swift; path = LoginUITests.swift; sourceTree = "<group>"; };
		92EDE1AB232E80A400B3D94E /* EnjoyTask.app */ = {isa = PBXFileReference; explicitFileType = wrapper.application; includeInIndex = 0; path = EnjoyTask.app; sourceTree = BUILT_PRODUCTS_DIR; };
		92EDE1AE232E80A400B3D94E /* AppDelegate.swift */ = {isa = PBXFileReference; lastKnownFileType = sourcecode.swift; path = AppDelegate.swift; sourceTree = "<group>"; };
		92EDE1B0232E80A400B3D94E /* SceneDelegate.swift */ = {isa = PBXFileReference; lastKnownFileType = sourcecode.swift; path = SceneDelegate.swift; sourceTree = "<group>"; };
		92EDE1B5232E80A400B3D94E /* Base */ = {isa = PBXFileReference; lastKnownFileType = file.storyboard; name = Base; path = Base.lproj/Main.storyboard; sourceTree = "<group>"; };
		92EDE1B7232E80A500B3D94E /* Assets.xcassets */ = {isa = PBXFileReference; lastKnownFileType = folder.assetcatalog; path = Assets.xcassets; sourceTree = "<group>"; };
		92EDE1BA232E80A500B3D94E /* Base */ = {isa = PBXFileReference; lastKnownFileType = file.storyboard; name = Base; path = Base.lproj/LaunchScreen.storyboard; sourceTree = "<group>"; };
		92EDE1BC232E80A500B3D94E /* Info.plist */ = {isa = PBXFileReference; lastKnownFileType = text.plist.xml; path = Info.plist; sourceTree = "<group>"; };
		92EDE1C1232E80A600B3D94E /* EnjoyTaskTests.xctest */ = {isa = PBXFileReference; explicitFileType = wrapper.cfbundle; includeInIndex = 0; path = EnjoyTaskTests.xctest; sourceTree = BUILT_PRODUCTS_DIR; };
		92EDE1C7232E80A600B3D94E /* Info.plist */ = {isa = PBXFileReference; lastKnownFileType = text.plist.xml; path = Info.plist; sourceTree = "<group>"; };
		92EDE1CC232E80A600B3D94E /* EnjoyTaskUITests.xctest */ = {isa = PBXFileReference; explicitFileType = wrapper.cfbundle; includeInIndex = 0; path = EnjoyTaskUITests.xctest; sourceTree = BUILT_PRODUCTS_DIR; };
		92EDE1D0232E80A600B3D94E /* EnjoyTaskUITests.swift */ = {isa = PBXFileReference; lastKnownFileType = sourcecode.swift; path = EnjoyTaskUITests.swift; sourceTree = "<group>"; };
		92EDE1D2232E80A600B3D94E /* Info.plist */ = {isa = PBXFileReference; lastKnownFileType = text.plist.xml; path = Info.plist; sourceTree = "<group>"; };
		92EDE1DE232E839C00B3D94E /* README.md */ = {isa = PBXFileReference; fileEncoding = 4; lastKnownFileType = net.daringfireball.markdown; path = README.md; sourceTree = "<group>"; };
		92EDE1ED232F607100B3D94E /* RegisterViewController.swift */ = {isa = PBXFileReference; lastKnownFileType = sourcecode.swift; path = RegisterViewController.swift; sourceTree = "<group>"; };
		92EDE1EF232F609900B3D94E /* RegisterInterfaces.swift */ = {isa = PBXFileReference; lastKnownFileType = sourcecode.swift; path = RegisterInterfaces.swift; sourceTree = "<group>"; };
		92EDE1F1232F60BA00B3D94E /* RegisterPresenter.swift */ = {isa = PBXFileReference; lastKnownFileType = sourcecode.swift; path = RegisterPresenter.swift; sourceTree = "<group>"; };
		92EDE1F3232F60C900B3D94E /* RegisterWireframe.swift */ = {isa = PBXFileReference; lastKnownFileType = sourcecode.swift; path = RegisterWireframe.swift; sourceTree = "<group>"; };
		92EDE1F7232F67EA00B3D94E /* RegsiterPresenterTests.swift */ = {isa = PBXFileReference; lastKnownFileType = sourcecode.swift; path = RegsiterPresenterTests.swift; sourceTree = "<group>"; };
		92EDE1FA232F701400B3D94E /* GeneratedMocks.swift */ = {isa = PBXFileReference; fileEncoding = 4; lastKnownFileType = sourcecode.swift; path = GeneratedMocks.swift; sourceTree = "<group>"; };
		92EDE206232F919600B3D94E /* GoogleService-Info.plist */ = {isa = PBXFileReference; fileEncoding = 4; lastKnownFileType = text.plist.xml; path = "GoogleService-Info.plist"; sourceTree = "<group>"; };
		92EDE208232FBEF700B3D94E /* LoginInterfaces.swift */ = {isa = PBXFileReference; lastKnownFileType = sourcecode.swift; path = LoginInterfaces.swift; sourceTree = "<group>"; };
		92EDE20A232FBF0300B3D94E /* LoginViewController.swift */ = {isa = PBXFileReference; lastKnownFileType = sourcecode.swift; path = LoginViewController.swift; sourceTree = "<group>"; };
		92EDE20C232FBF1100B3D94E /* LoginPresenter.swift */ = {isa = PBXFileReference; lastKnownFileType = sourcecode.swift; path = LoginPresenter.swift; sourceTree = "<group>"; };
		92EDE20E232FBF1C00B3D94E /* LoginWireframe.swift */ = {isa = PBXFileReference; lastKnownFileType = sourcecode.swift; path = LoginWireframe.swift; sourceTree = "<group>"; };
		92EDE211232FBFF100B3D94E /* RootRouter.swift */ = {isa = PBXFileReference; lastKnownFileType = sourcecode.swift; path = RootRouter.swift; sourceTree = "<group>"; };
		92EDE214232FCFE200B3D94E /* LoginPresenterTests.swift */ = {isa = PBXFileReference; lastKnownFileType = sourcecode.swift; path = LoginPresenterTests.swift; sourceTree = "<group>"; };
		ADCDE0EC3DAB1D360CFE21F8 /* Pods-EnjoyTaskTests.debug.xcconfig */ = {isa = PBXFileReference; includeInIndex = 1; lastKnownFileType = text.xcconfig; name = "Pods-EnjoyTaskTests.debug.xcconfig"; path = "Target Support Files/Pods-EnjoyTaskTests/Pods-EnjoyTaskTests.debug.xcconfig"; sourceTree = "<group>"; };
		BB7847EB3E09F980D12214A8 /* Pods-EnjoyTaskTests.release.xcconfig */ = {isa = PBXFileReference; includeInIndex = 1; lastKnownFileType = text.xcconfig; name = "Pods-EnjoyTaskTests.release.xcconfig"; path = "Target Support Files/Pods-EnjoyTaskTests/Pods-EnjoyTaskTests.release.xcconfig"; sourceTree = "<group>"; };
		C284C4F7141A1ADEEF38B1A0 /* Pods_EnjoyTaskTests.framework */ = {isa = PBXFileReference; explicitFileType = wrapper.framework; includeInIndex = 0; path = Pods_EnjoyTaskTests.framework; sourceTree = BUILT_PRODUCTS_DIR; };
		CC4238F7338FE7848E6E8F6C /* Pods-EnjoyTask.staging.xcconfig */ = {isa = PBXFileReference; includeInIndex = 1; lastKnownFileType = text.xcconfig; name = "Pods-EnjoyTask.staging.xcconfig"; path = "Target Support Files/Pods-EnjoyTask/Pods-EnjoyTask.staging.xcconfig"; sourceTree = "<group>"; };
		E0A1435834DA3EABF56087E3 /* Pods-EnjoyTaskTests.staging.xcconfig */ = {isa = PBXFileReference; includeInIndex = 1; lastKnownFileType = text.xcconfig; name = "Pods-EnjoyTaskTests.staging.xcconfig"; path = "Target Support Files/Pods-EnjoyTaskTests/Pods-EnjoyTaskTests.staging.xcconfig"; sourceTree = "<group>"; };
/* End PBXFileReference section */

/* Begin PBXFrameworksBuildPhase section */
		92EDE1A8232E80A400B3D94E /* Frameworks */ = {
			isa = PBXFrameworksBuildPhase;
			buildActionMask = 2147483647;
			files = (
				59D953951557A72FAF2B592F /* Pods_EnjoyTask.framework in Frameworks */,
			);
			runOnlyForDeploymentPostprocessing = 0;
		};
		92EDE1BE232E80A600B3D94E /* Frameworks */ = {
			isa = PBXFrameworksBuildPhase;
			buildActionMask = 2147483647;
			files = (
				4EDDE27430B87775AFBF6900 /* Pods_EnjoyTaskTests.framework in Frameworks */,
			);
			runOnlyForDeploymentPostprocessing = 0;
		};
		92EDE1C9232E80A600B3D94E /* Frameworks */ = {
			isa = PBXFrameworksBuildPhase;
			buildActionMask = 2147483647;
			files = (
				5D39894038D899AAA76947E2 /* Pods_EnjoyTask_EnjoyTaskUITests.framework in Frameworks */,
			);
			runOnlyForDeploymentPostprocessing = 0;
		};
/* End PBXFrameworksBuildPhase section */

/* Begin PBXGroup section */
		72E925284C95108D26C6301F /* Frameworks */ = {
			isa = PBXGroup;
			children = (
				0C6573E63806676D55D2A50E /* Pods_EnjoyTask.framework */,
				2285E0969D44EE849F1BA09F /* Pods_EnjoyTask_EnjoyTaskUITests.framework */,
				C284C4F7141A1ADEEF38B1A0 /* Pods_EnjoyTaskTests.framework */,
			);
			name = Frameworks;
			sourceTree = "<group>";
		};
		8E59FA8B2341E79A00299CA3 /* tasklist-module */ = {
			isa = PBXGroup;
			children = (
				8E59FA8C2341ECA200299CA3 /* TaskListInterfaces.swift */,
				8E59FA8E2341ED0400299CA3 /* TaskListViewController.swift */,
				8E59FA902341ED1600299CA3 /* TaskListPresenter.swift */,
				8E59FA922341ED2100299CA3 /* TaskListWireframe.swift */,
			);
			path = "tasklist-module";
			sourceTree = "<group>";
		};
		929DF7BC233FA2EF0005562E /* modulesTests */ = {
			isa = PBXGroup;
			children = (
				929DF7BF233FA3510005562E /* LoginUITests.swift */,
			);
			path = modulesTests;
			sourceTree = "<group>";
		};
		92EDE1A2232E80A400B3D94E = {
			isa = PBXGroup;
			children = (
				92EDE1DE232E839C00B3D94E /* README.md */,
				92EDE1AD232E80A400B3D94E /* EnjoyTask */,
				92EDE1C4232E80A600B3D94E /* EnjoyTaskTests */,
				92EDE1CF232E80A600B3D94E /* EnjoyTaskUITests */,
				92EDE1AC232E80A400B3D94E /* Products */,
				F4F3727B50A4D3C4751831B3 /* Pods */,
				72E925284C95108D26C6301F /* Frameworks */,
			);
			sourceTree = "<group>";
		};
		92EDE1AC232E80A400B3D94E /* Products */ = {
			isa = PBXGroup;
			children = (
				92EDE1AB232E80A400B3D94E /* EnjoyTask.app */,
				92EDE1C1232E80A600B3D94E /* EnjoyTaskTests.xctest */,
				92EDE1CC232E80A600B3D94E /* EnjoyTaskUITests.xctest */,
			);
			name = Products;
			sourceTree = "<group>";
		};
		92EDE1AD232E80A400B3D94E /* EnjoyTask */ = {
			isa = PBXGroup;
			children = (
				92EDE210232FBFE300B3D94E /* settings */,
				92EDE1EA232F5F4500B3D94E /* data */,
				92EDE1E4232EA20400B3D94E /* modules */,
				92EDE1E8232EA2B700B3D94E /* ui */,
				92EDE1AE232E80A400B3D94E /* AppDelegate.swift */,
				92EDE1B0232E80A400B3D94E /* SceneDelegate.swift */,
				92EDE1B7232E80A500B3D94E /* Assets.xcassets */,
				92EDE1BC232E80A500B3D94E /* Info.plist */,
				92EDE206232F919600B3D94E /* GoogleService-Info.plist */,
			);
			path = EnjoyTask;
			sourceTree = "<group>";
		};
		92EDE1C4232E80A600B3D94E /* EnjoyTaskTests */ = {
			isa = PBXGroup;
			children = (
				92EDE1FA232F701400B3D94E /* GeneratedMocks.swift */,
				92EDE1F5232F679300B3D94E /* modulesTests */,
				92EDE1C7232E80A600B3D94E /* Info.plist */,
			);
			path = EnjoyTaskTests;
			sourceTree = "<group>";
		};
		92EDE1CF232E80A600B3D94E /* EnjoyTaskUITests */ = {
			isa = PBXGroup;
			children = (
				929DF7BC233FA2EF0005562E /* modulesTests */,
				92EDE1D0232E80A600B3D94E /* EnjoyTaskUITests.swift */,
				92EDE1D2232E80A600B3D94E /* Info.plist */,
			);
			path = EnjoyTaskUITests;
			sourceTree = "<group>";
		};
		92EDE1E4232EA20400B3D94E /* modules */ = {
			isa = PBXGroup;
			children = (
				8E59FA8B2341E79A00299CA3 /* tasklist-module */,
				92EDE1E9232F5F1300B3D94E /* register-module */,
				92EDE1E5232EA23A00B3D94E /* login-module */,
			);
			path = modules;
			sourceTree = "<group>";
		};
		92EDE1E5232EA23A00B3D94E /* login-module */ = {
			isa = PBXGroup;
			children = (
				92EDE208232FBEF700B3D94E /* LoginInterfaces.swift */,
				92EDE20A232FBF0300B3D94E /* LoginViewController.swift */,
				92EDE20C232FBF1100B3D94E /* LoginPresenter.swift */,
				92EDE20E232FBF1C00B3D94E /* LoginWireframe.swift */,
			);
			path = "login-module";
			sourceTree = "<group>";
		};
		92EDE1E8232EA2B700B3D94E /* ui */ = {
			isa = PBXGroup;
			children = (
				92EDE1B4232E80A400B3D94E /* Main.storyboard */,
				92EDE1B9232E80A500B3D94E /* LaunchScreen.storyboard */,
				8EB96564234B3EF9000DFD8F /* DialogWireframe.swift */,
			);
			path = ui;
			sourceTree = "<group>";
		};
		92EDE1E9232F5F1300B3D94E /* register-module */ = {
			isa = PBXGroup;
			children = (
				92EDE1EF232F609900B3D94E /* RegisterInterfaces.swift */,
				92EDE1ED232F607100B3D94E /* RegisterViewController.swift */,
				92EDE1F1232F60BA00B3D94E /* RegisterPresenter.swift */,
				92EDE1F3232F60C900B3D94E /* RegisterWireframe.swift */,
			);
			path = "register-module";
			sourceTree = "<group>";
		};
		92EDE1EA232F5F4500B3D94E /* data */ = {
			isa = PBXGroup;
			children = (
				92EDE1EC232F5F8F00B3D94E /* entity */,
				92EDE1EB232F5F6100B3D94E /* interactor */,
				8EDF6FEA233E058800656702 /* UseCaseInterface.swift */,
			);
			path = data;
			sourceTree = "<group>";
		};
		92EDE1EB232F5F6100B3D94E /* interactor */ = {
			isa = PBXGroup;
			children = (
				8EDF6FE8233E055C00656702 /* AuthInfoInteractor.swift */,
			);
			path = interactor;
			sourceTree = "<group>";
		};
		92EDE1EC232F5F8F00B3D94E /* entity */ = {
			isa = PBXGroup;
			children = (
			);
			path = entity;
			sourceTree = "<group>";
		};
		92EDE1F5232F679300B3D94E /* modulesTests */ = {
			isa = PBXGroup;
			children = (
				92EDE1F6232F67A200B3D94E /* register-moduleTests */,
				92EDE213232FCE6500B3D94E /* login-moduleTests */,
			);
			path = modulesTests;
			sourceTree = "<group>";
		};
		92EDE1F6232F67A200B3D94E /* register-moduleTests */ = {
			isa = PBXGroup;
			children = (
				92EDE1F7232F67EA00B3D94E /* RegsiterPresenterTests.swift */,
			);
			path = "register-moduleTests";
			sourceTree = "<group>";
		};
		92EDE210232FBFE300B3D94E /* settings */ = {
			isa = PBXGroup;
			children = (
				92EDE211232FBFF100B3D94E /* RootRouter.swift */,
				9210A0A0233F9CC20086556C /* AccessibilityIdentifiers.swift */,
			);
			path = settings;
			sourceTree = "<group>";
		};
		92EDE213232FCE6500B3D94E /* login-moduleTests */ = {
			isa = PBXGroup;
			children = (
				92EDE214232FCFE200B3D94E /* LoginPresenterTests.swift */,
			);
			path = "login-moduleTests";
			sourceTree = "<group>";
		};
		F4F3727B50A4D3C4751831B3 /* Pods */ = {
			isa = PBXGroup;
			children = (
				3C7DFC52220A859244B11FC8 /* Pods-EnjoyTask.debug.xcconfig */,
				CC4238F7338FE7848E6E8F6C /* Pods-EnjoyTask.staging.xcconfig */,
				87BD2DC32F3B19CCA4A12113 /* Pods-EnjoyTask.release.xcconfig */,
				14472CBB385B6EE829FFDE77 /* Pods-EnjoyTask-EnjoyTaskUITests.debug.xcconfig */,
				07BF8186AAAFBAFBD802AD00 /* Pods-EnjoyTask-EnjoyTaskUITests.staging.xcconfig */,
				6DF7B13B051EE2538598957A /* Pods-EnjoyTask-EnjoyTaskUITests.release.xcconfig */,
				ADCDE0EC3DAB1D360CFE21F8 /* Pods-EnjoyTaskTests.debug.xcconfig */,
				E0A1435834DA3EABF56087E3 /* Pods-EnjoyTaskTests.staging.xcconfig */,
				BB7847EB3E09F980D12214A8 /* Pods-EnjoyTaskTests.release.xcconfig */,
			);
			path = Pods;
			sourceTree = "<group>";
		};
/* End PBXGroup section */

/* Begin PBXNativeTarget section */
		92EDE1AA232E80A400B3D94E /* EnjoyTask */ = {
			isa = PBXNativeTarget;
			buildConfigurationList = 92EDE1D5232E80A600B3D94E /* Build configuration list for PBXNativeTarget "EnjoyTask" */;
			buildPhases = (
				6C08187FD9609FBEF7ABEB04 /* [CP] Check Pods Manifest.lock */,
				92EDE1A7232E80A400B3D94E /* Sources */,
				92EDE1A8232E80A400B3D94E /* Frameworks */,
				92EDE1A9232E80A400B3D94E /* Resources */,
				92EDE1E3232E93FD00B3D94E /* ShellScript */,
				04A4A1419BD767CE09042D92 /* [CP] Embed Pods Frameworks */,
			);
			buildRules = (
			);
			dependencies = (
			);
			name = EnjoyTask;
			productName = EnjoyTask;
			productReference = 92EDE1AB232E80A400B3D94E /* EnjoyTask.app */;
			productType = "com.apple.product-type.application";
		};
		92EDE1C0232E80A600B3D94E /* EnjoyTaskTests */ = {
			isa = PBXNativeTarget;
			buildConfigurationList = 92EDE1D8232E80A600B3D94E /* Build configuration list for PBXNativeTarget "EnjoyTaskTests" */;
			buildPhases = (
				CBC0C74961C6119D76FF468A /* [CP] Check Pods Manifest.lock */,
				92EDE1F9232F6DDF00B3D94E /* ShellScript */,
				92EDE1BD232E80A600B3D94E /* Sources */,
				92EDE1BE232E80A600B3D94E /* Frameworks */,
				92EDE1BF232E80A600B3D94E /* Resources */,
				6A7409229D5EB1F0F720B31F /* [CP] Embed Pods Frameworks */,
			);
			buildRules = (
			);
			dependencies = (
				92EDE1C3232E80A600B3D94E /* PBXTargetDependency */,
			);
			name = EnjoyTaskTests;
			productName = EnjoyTaskTests;
			productReference = 92EDE1C1232E80A600B3D94E /* EnjoyTaskTests.xctest */;
			productType = "com.apple.product-type.bundle.unit-test";
		};
		92EDE1CB232E80A600B3D94E /* EnjoyTaskUITests */ = {
			isa = PBXNativeTarget;
			buildConfigurationList = 92EDE1DB232E80A600B3D94E /* Build configuration list for PBXNativeTarget "EnjoyTaskUITests" */;
			buildPhases = (
				6174DA96992FBE69A262E332 /* [CP] Check Pods Manifest.lock */,
				92EDE1C8232E80A600B3D94E /* Sources */,
				92EDE1C9232E80A600B3D94E /* Frameworks */,
				92EDE1CA232E80A600B3D94E /* Resources */,
				B65B1DCABC5850246E9CF4FD /* [CP] Embed Pods Frameworks */,
			);
			buildRules = (
			);
			dependencies = (
				92EDE1CE232E80A600B3D94E /* PBXTargetDependency */,
			);
			name = EnjoyTaskUITests;
			productName = EnjoyTaskUITests;
			productReference = 92EDE1CC232E80A600B3D94E /* EnjoyTaskUITests.xctest */;
			productType = "com.apple.product-type.bundle.ui-testing";
		};
/* End PBXNativeTarget section */

/* Begin PBXProject section */
		92EDE1A3232E80A400B3D94E /* Project object */ = {
			isa = PBXProject;
			attributes = {
				LastSwiftUpdateCheck = 1100;
				LastUpgradeCheck = 1100;
				ORGANIZATIONNAME = yamadaryo;
				TargetAttributes = {
					92EDE1AA232E80A400B3D94E = {
						CreatedOnToolsVersion = 11.0;
					};
					92EDE1C0232E80A600B3D94E = {
						CreatedOnToolsVersion = 11.0;
						TestTargetID = 92EDE1AA232E80A400B3D94E;
					};
					92EDE1CB232E80A600B3D94E = {
						CreatedOnToolsVersion = 11.0;
						TestTargetID = 92EDE1AA232E80A400B3D94E;
					};
				};
			};
			buildConfigurationList = 92EDE1A6232E80A400B3D94E /* Build configuration list for PBXProject "EnjoyTask" */;
			compatibilityVersion = "Xcode 9.3";
			developmentRegion = en;
			hasScannedForEncodings = 0;
			knownRegions = (
				en,
				Base,
			);
			mainGroup = 92EDE1A2232E80A400B3D94E;
			productRefGroup = 92EDE1AC232E80A400B3D94E /* Products */;
			projectDirPath = "";
			projectRoot = "";
			targets = (
				92EDE1AA232E80A400B3D94E /* EnjoyTask */,
				92EDE1C0232E80A600B3D94E /* EnjoyTaskTests */,
				92EDE1CB232E80A600B3D94E /* EnjoyTaskUITests */,
			);
		};
/* End PBXProject section */

/* Begin PBXResourcesBuildPhase section */
		92EDE1A9232E80A400B3D94E /* Resources */ = {
			isa = PBXResourcesBuildPhase;
			buildActionMask = 2147483647;
			files = (
				92EDE1BB232E80A500B3D94E /* LaunchScreen.storyboard in Resources */,
				92EDE1B8232E80A500B3D94E /* Assets.xcassets in Resources */,
				92EDE207232F919700B3D94E /* GoogleService-Info.plist in Resources */,
				92EDE1DF232E839C00B3D94E /* README.md in Resources */,
				92EDE1B6232E80A400B3D94E /* Main.storyboard in Resources */,
			);
			runOnlyForDeploymentPostprocessing = 0;
		};
		92EDE1BF232E80A600B3D94E /* Resources */ = {
			isa = PBXResourcesBuildPhase;
			buildActionMask = 2147483647;
			files = (
			);
			runOnlyForDeploymentPostprocessing = 0;
		};
		92EDE1CA232E80A600B3D94E /* Resources */ = {
			isa = PBXResourcesBuildPhase;
			buildActionMask = 2147483647;
			files = (
			);
			runOnlyForDeploymentPostprocessing = 0;
		};
/* End PBXResourcesBuildPhase section */

/* Begin PBXShellScriptBuildPhase section */
		04A4A1419BD767CE09042D92 /* [CP] Embed Pods Frameworks */ = {
			isa = PBXShellScriptBuildPhase;
			buildActionMask = 2147483647;
			files = (
			);
			inputFileListPaths = (
				"${PODS_ROOT}/Target Support Files/Pods-EnjoyTask/Pods-EnjoyTask-frameworks-${CONFIGURATION}-input-files.xcfilelist",
			);
			name = "[CP] Embed Pods Frameworks";
			outputFileListPaths = (
				"${PODS_ROOT}/Target Support Files/Pods-EnjoyTask/Pods-EnjoyTask-frameworks-${CONFIGURATION}-output-files.xcfilelist",
			);
			runOnlyForDeploymentPostprocessing = 0;
			shellPath = /bin/sh;
			shellScript = "\"${PODS_ROOT}/Target Support Files/Pods-EnjoyTask/Pods-EnjoyTask-frameworks.sh\"\n";
			showEnvVarsInLog = 0;
		};
		6174DA96992FBE69A262E332 /* [CP] Check Pods Manifest.lock */ = {
			isa = PBXShellScriptBuildPhase;
			buildActionMask = 2147483647;
			files = (
			);
			inputFileListPaths = (
			);
			inputPaths = (
				"${PODS_PODFILE_DIR_PATH}/Podfile.lock",
				"${PODS_ROOT}/Manifest.lock",
			);
			name = "[CP] Check Pods Manifest.lock";
			outputFileListPaths = (
			);
			outputPaths = (
				"$(DERIVED_FILE_DIR)/Pods-EnjoyTask-EnjoyTaskUITests-checkManifestLockResult.txt",
			);
			runOnlyForDeploymentPostprocessing = 0;
			shellPath = /bin/sh;
			shellScript = "diff \"${PODS_PODFILE_DIR_PATH}/Podfile.lock\" \"${PODS_ROOT}/Manifest.lock\" > /dev/null\nif [ $? != 0 ] ; then\n    # print error to STDERR\n    echo \"error: The sandbox is not in sync with the Podfile.lock. Run 'pod install' or update your CocoaPods installation.\" >&2\n    exit 1\nfi\n# This output is used by Xcode 'outputs' to avoid re-running this script phase.\necho \"SUCCESS\" > \"${SCRIPT_OUTPUT_FILE_0}\"\n";
			showEnvVarsInLog = 0;
		};
		6A7409229D5EB1F0F720B31F /* [CP] Embed Pods Frameworks */ = {
			isa = PBXShellScriptBuildPhase;
			buildActionMask = 2147483647;
			files = (
			);
			inputFileListPaths = (
				"${PODS_ROOT}/Target Support Files/Pods-EnjoyTaskTests/Pods-EnjoyTaskTests-frameworks-${CONFIGURATION}-input-files.xcfilelist",
			);
			name = "[CP] Embed Pods Frameworks";
			outputFileListPaths = (
				"${PODS_ROOT}/Target Support Files/Pods-EnjoyTaskTests/Pods-EnjoyTaskTests-frameworks-${CONFIGURATION}-output-files.xcfilelist",
			);
			runOnlyForDeploymentPostprocessing = 0;
			shellPath = /bin/sh;
			shellScript = "\"${PODS_ROOT}/Target Support Files/Pods-EnjoyTaskTests/Pods-EnjoyTaskTests-frameworks.sh\"\n";
			showEnvVarsInLog = 0;
		};
		6C08187FD9609FBEF7ABEB04 /* [CP] Check Pods Manifest.lock */ = {
			isa = PBXShellScriptBuildPhase;
			buildActionMask = 2147483647;
			files = (
			);
			inputFileListPaths = (
			);
			inputPaths = (
				"${PODS_PODFILE_DIR_PATH}/Podfile.lock",
				"${PODS_ROOT}/Manifest.lock",
			);
			name = "[CP] Check Pods Manifest.lock";
			outputFileListPaths = (
			);
			outputPaths = (
				"$(DERIVED_FILE_DIR)/Pods-EnjoyTask-checkManifestLockResult.txt",
			);
			runOnlyForDeploymentPostprocessing = 0;
			shellPath = /bin/sh;
			shellScript = "diff \"${PODS_PODFILE_DIR_PATH}/Podfile.lock\" \"${PODS_ROOT}/Manifest.lock\" > /dev/null\nif [ $? != 0 ] ; then\n    # print error to STDERR\n    echo \"error: The sandbox is not in sync with the Podfile.lock. Run 'pod install' or update your CocoaPods installation.\" >&2\n    exit 1\nfi\n# This output is used by Xcode 'outputs' to avoid re-running this script phase.\necho \"SUCCESS\" > \"${SCRIPT_OUTPUT_FILE_0}\"\n";
			showEnvVarsInLog = 0;
		};
		92EDE1E3232E93FD00B3D94E /* ShellScript */ = {
			isa = PBXShellScriptBuildPhase;
			buildActionMask = 2147483647;
			files = (
			);
			inputFileListPaths = (
			);
			inputPaths = (
			);
			outputFileListPaths = (
			);
			outputPaths = (
			);
			runOnlyForDeploymentPostprocessing = 0;
			shellPath = /bin/sh;
			shellScript = "if which \"${PODS_ROOT}/SwiftLint/swiftlint\" >/dev/null; then\n${PODS_ROOT}/SwiftLint/swiftlint\nelse\necho \"warning: SwiftLint not installed, download from https://github.com/realm/SwiftLint\"\nfi\n";
		};
		92EDE1F9232F6DDF00B3D94E /* ShellScript */ = {
			isa = PBXShellScriptBuildPhase;
			buildActionMask = 2147483647;
			files = (
			);
			inputFileListPaths = (
			);
			inputPaths = (
			);
			outputFileListPaths = (
			);
			outputPaths = (
			);
			runOnlyForDeploymentPostprocessing = 0;
			shellPath = /bin/sh;
			shellScript = "# Define output file. Change \"${PROJECT_DIR}/${PROJECT_NAME}Tests\" to your test's root source folder, if it's not the default name.\nOUTPUT_FILE=\"${PROJECT_DIR}/${PROJECT_NAME}Tests/GeneratedMocks.swift\"\necho \"Generated Mocks File = ${OUTPUT_FILE}\"\n\n# Define input directory. Change \"${PROJECT_DIR}/${PROJECT_NAME}\" to your project's root source folder, if it's not the default name.\nINPUT_DIR=\"${PROJECT_DIR}/${PROJECT_NAME}\"\necho \"Mocks Input Directory = ${INPUT_DIR}\"\n\n# Generate mock files, include as many input files as you'd like to create mocks for.\n\"${PODS_ROOT}/Cuckoo/run\" generate --testable \"${PROJECT_NAME}\" \\\n--output \"${OUTPUT_FILE}\" \\\n\"${INPUT_DIR}/modules/register-module/RegisterInterfaces.swift\" \\\n\"${INPUT_DIR}/modules/login-module/LoginInterfaces.swift\" \\\n\"${INPUT_DIR}/data/UseCaseInterface.swift\"\n";
		};
		B65B1DCABC5850246E9CF4FD /* [CP] Embed Pods Frameworks */ = {
			isa = PBXShellScriptBuildPhase;
			buildActionMask = 2147483647;
			files = (
			);
			inputFileListPaths = (
				"${PODS_ROOT}/Target Support Files/Pods-EnjoyTask-EnjoyTaskUITests/Pods-EnjoyTask-EnjoyTaskUITests-frameworks-${CONFIGURATION}-input-files.xcfilelist",
			);
			name = "[CP] Embed Pods Frameworks";
			outputFileListPaths = (
				"${PODS_ROOT}/Target Support Files/Pods-EnjoyTask-EnjoyTaskUITests/Pods-EnjoyTask-EnjoyTaskUITests-frameworks-${CONFIGURATION}-output-files.xcfilelist",
			);
			runOnlyForDeploymentPostprocessing = 0;
			shellPath = /bin/sh;
			shellScript = "\"${PODS_ROOT}/Target Support Files/Pods-EnjoyTask-EnjoyTaskUITests/Pods-EnjoyTask-EnjoyTaskUITests-frameworks.sh\"\n";
			showEnvVarsInLog = 0;
		};
		CBC0C74961C6119D76FF468A /* [CP] Check Pods Manifest.lock */ = {
			isa = PBXShellScriptBuildPhase;
			buildActionMask = 2147483647;
			files = (
			);
			inputFileListPaths = (
			);
			inputPaths = (
				"${PODS_PODFILE_DIR_PATH}/Podfile.lock",
				"${PODS_ROOT}/Manifest.lock",
			);
			name = "[CP] Check Pods Manifest.lock";
			outputFileListPaths = (
			);
			outputPaths = (
				"$(DERIVED_FILE_DIR)/Pods-EnjoyTaskTests-checkManifestLockResult.txt",
			);
			runOnlyForDeploymentPostprocessing = 0;
			shellPath = /bin/sh;
			shellScript = "diff \"${PODS_PODFILE_DIR_PATH}/Podfile.lock\" \"${PODS_ROOT}/Manifest.lock\" > /dev/null\nif [ $? != 0 ] ; then\n    # print error to STDERR\n    echo \"error: The sandbox is not in sync with the Podfile.lock. Run 'pod install' or update your CocoaPods installation.\" >&2\n    exit 1\nfi\n# This output is used by Xcode 'outputs' to avoid re-running this script phase.\necho \"SUCCESS\" > \"${SCRIPT_OUTPUT_FILE_0}\"\n";
			showEnvVarsInLog = 0;
		};
/* End PBXShellScriptBuildPhase section */

/* Begin PBXSourcesBuildPhase section */
		92EDE1A7232E80A400B3D94E /* Sources */ = {
			isa = PBXSourcesBuildPhase;
			buildActionMask = 2147483647;
			files = (
				92EDE20F232FBF1C00B3D94E /* LoginWireframe.swift in Sources */,
				92EDE20B232FBF0300B3D94E /* LoginViewController.swift in Sources */,
				92EDE1F2232F60BA00B3D94E /* RegisterPresenter.swift in Sources */,
				92EDE212232FBFF100B3D94E /* RootRouter.swift in Sources */,
				92EDE1AF232E80A400B3D94E /* AppDelegate.swift in Sources */,
				8E59FA8D2341ECA200299CA3 /* TaskListInterfaces.swift in Sources */,
				92EDE20D232FBF1100B3D94E /* LoginPresenter.swift in Sources */,
				8EDF6FEB233E058800656702 /* UseCaseInterface.swift in Sources */,
				92EDE1B1232E80A400B3D94E /* SceneDelegate.swift in Sources */,
				92EDE1F0232F609900B3D94E /* RegisterInterfaces.swift in Sources */,
				8EB96565234B3EF9000DFD8F /* DialogWireframe.swift in Sources */,
				8E59FA912341ED1600299CA3 /* TaskListPresenter.swift in Sources */,
				8E59FA932341ED2100299CA3 /* TaskListWireframe.swift in Sources */,
				92EDE209232FBEF700B3D94E /* LoginInterfaces.swift in Sources */,
				92EDE1F4232F60C900B3D94E /* RegisterWireframe.swift in Sources */,
				9210A0A1233F9CC20086556C /* AccessibilityIdentifiers.swift in Sources */,
				92EDE1EE232F607100B3D94E /* RegisterViewController.swift in Sources */,
				8E59FA8F2341ED0400299CA3 /* TaskListViewController.swift in Sources */,
				8EDF6FE9233E055C00656702 /* AuthInfoInteractor.swift in Sources */,
			);
			runOnlyForDeploymentPostprocessing = 0;
		};
		92EDE1BD232E80A600B3D94E /* Sources */ = {
			isa = PBXSourcesBuildPhase;
			buildActionMask = 2147483647;
			files = (
				92EDE215232FCFE200B3D94E /* LoginPresenterTests.swift in Sources */,
				92EDE1FB232F701400B3D94E /* GeneratedMocks.swift in Sources */,
				92EDE1F8232F67EA00B3D94E /* RegsiterPresenterTests.swift in Sources */,
			);
			runOnlyForDeploymentPostprocessing = 0;
		};
		92EDE1C8232E80A600B3D94E /* Sources */ = {
			isa = PBXSourcesBuildPhase;
			buildActionMask = 2147483647;
			files = (
				929DF7C2233FB1660005562E /* AccessibilityIdentifiers.swift in Sources */,
				92EDE1D1232E80A600B3D94E /* EnjoyTaskUITests.swift in Sources */,
				929DF7C0233FA3510005562E /* LoginUITests.swift in Sources */,
			);
			runOnlyForDeploymentPostprocessing = 0;
		};
/* End PBXSourcesBuildPhase section */

/* Begin PBXTargetDependency section */
		92EDE1C3232E80A600B3D94E /* PBXTargetDependency */ = {
			isa = PBXTargetDependency;
			target = 92EDE1AA232E80A400B3D94E /* EnjoyTask */;
			targetProxy = 92EDE1C2232E80A600B3D94E /* PBXContainerItemProxy */;
		};
		92EDE1CE232E80A600B3D94E /* PBXTargetDependency */ = {
			isa = PBXTargetDependency;
			target = 92EDE1AA232E80A400B3D94E /* EnjoyTask */;
			targetProxy = 92EDE1CD232E80A600B3D94E /* PBXContainerItemProxy */;
		};
/* End PBXTargetDependency section */

/* Begin PBXVariantGroup section */
		92EDE1B4232E80A400B3D94E /* Main.storyboard */ = {
			isa = PBXVariantGroup;
			children = (
				92EDE1B5232E80A400B3D94E /* Base */,
			);
			name = Main.storyboard;
			sourceTree = "<group>";
		};
		92EDE1B9232E80A500B3D94E /* LaunchScreen.storyboard */ = {
			isa = PBXVariantGroup;
			children = (
				92EDE1BA232E80A500B3D94E /* Base */,
			);
			name = LaunchScreen.storyboard;
			sourceTree = "<group>";
		};
/* End PBXVariantGroup section */

/* Begin XCBuildConfiguration section */
		92EDE1D3232E80A600B3D94E /* Debug */ = {
			isa = XCBuildConfiguration;
			buildSettings = {
				ALWAYS_SEARCH_USER_PATHS = NO;
				CLANG_ANALYZER_NONNULL = YES;
				CLANG_ANALYZER_NUMBER_OBJECT_CONVERSION = YES_AGGRESSIVE;
				CLANG_CXX_LANGUAGE_STANDARD = "gnu++14";
				CLANG_CXX_LIBRARY = "libc++";
				CLANG_ENABLE_MODULES = YES;
				CLANG_ENABLE_OBJC_ARC = YES;
				CLANG_ENABLE_OBJC_WEAK = YES;
				CLANG_WARN_BLOCK_CAPTURE_AUTORELEASING = YES;
				CLANG_WARN_BOOL_CONVERSION = YES;
				CLANG_WARN_COMMA = YES;
				CLANG_WARN_CONSTANT_CONVERSION = YES;
				CLANG_WARN_DEPRECATED_OBJC_IMPLEMENTATIONS = YES;
				CLANG_WARN_DIRECT_OBJC_ISA_USAGE = YES_ERROR;
				CLANG_WARN_DOCUMENTATION_COMMENTS = YES;
				CLANG_WARN_EMPTY_BODY = YES;
				CLANG_WARN_ENUM_CONVERSION = YES;
				CLANG_WARN_INFINITE_RECURSION = YES;
				CLANG_WARN_INT_CONVERSION = YES;
				CLANG_WARN_NON_LITERAL_NULL_CONVERSION = YES;
				CLANG_WARN_OBJC_IMPLICIT_RETAIN_SELF = YES;
				CLANG_WARN_OBJC_LITERAL_CONVERSION = YES;
				CLANG_WARN_OBJC_ROOT_CLASS = YES_ERROR;
				CLANG_WARN_RANGE_LOOP_ANALYSIS = YES;
				CLANG_WARN_STRICT_PROTOTYPES = YES;
				CLANG_WARN_SUSPICIOUS_MOVE = YES;
				CLANG_WARN_UNGUARDED_AVAILABILITY = YES_AGGRESSIVE;
				CLANG_WARN_UNREACHABLE_CODE = YES;
				CLANG_WARN__DUPLICATE_METHOD_MATCH = YES;
				COPY_PHASE_STRIP = NO;
				DEBUG_INFORMATION_FORMAT = dwarf;
				ENABLE_STRICT_OBJC_MSGSEND = YES;
				ENABLE_TESTABILITY = YES;
				GCC_C_LANGUAGE_STANDARD = gnu11;
				GCC_DYNAMIC_NO_PIC = NO;
				GCC_NO_COMMON_BLOCKS = YES;
				GCC_OPTIMIZATION_LEVEL = 0;
				GCC_PREPROCESSOR_DEFINITIONS = (
					"DEBUG=1",
					"$(inherited)",
				);
				GCC_WARN_64_TO_32_BIT_CONVERSION = YES;
				GCC_WARN_ABOUT_RETURN_TYPE = YES_ERROR;
				GCC_WARN_UNDECLARED_SELECTOR = YES;
				GCC_WARN_UNINITIALIZED_AUTOS = YES_AGGRESSIVE;
				GCC_WARN_UNUSED_FUNCTION = YES;
				GCC_WARN_UNUSED_VARIABLE = YES;
				IPHONEOS_DEPLOYMENT_TARGET = 13.0;
				MTL_ENABLE_DEBUG_INFO = INCLUDE_SOURCE;
				MTL_FAST_MATH = YES;
				ONLY_ACTIVE_ARCH = YES;
				SDKROOT = iphoneos;
				SWIFT_ACTIVE_COMPILATION_CONDITIONS = DEBUG;
				SWIFT_OPTIMIZATION_LEVEL = "-Onone";
			};
			name = Debug;
		};
		92EDE1D4232E80A600B3D94E /* Release */ = {
			isa = XCBuildConfiguration;
			buildSettings = {
				ALWAYS_SEARCH_USER_PATHS = NO;
				CLANG_ANALYZER_NONNULL = YES;
				CLANG_ANALYZER_NUMBER_OBJECT_CONVERSION = YES_AGGRESSIVE;
				CLANG_CXX_LANGUAGE_STANDARD = "gnu++14";
				CLANG_CXX_LIBRARY = "libc++";
				CLANG_ENABLE_MODULES = YES;
				CLANG_ENABLE_OBJC_ARC = YES;
				CLANG_ENABLE_OBJC_WEAK = YES;
				CLANG_WARN_BLOCK_CAPTURE_AUTORELEASING = YES;
				CLANG_WARN_BOOL_CONVERSION = YES;
				CLANG_WARN_COMMA = YES;
				CLANG_WARN_CONSTANT_CONVERSION = YES;
				CLANG_WARN_DEPRECATED_OBJC_IMPLEMENTATIONS = YES;
				CLANG_WARN_DIRECT_OBJC_ISA_USAGE = YES_ERROR;
				CLANG_WARN_DOCUMENTATION_COMMENTS = YES;
				CLANG_WARN_EMPTY_BODY = YES;
				CLANG_WARN_ENUM_CONVERSION = YES;
				CLANG_WARN_INFINITE_RECURSION = YES;
				CLANG_WARN_INT_CONVERSION = YES;
				CLANG_WARN_NON_LITERAL_NULL_CONVERSION = YES;
				CLANG_WARN_OBJC_IMPLICIT_RETAIN_SELF = YES;
				CLANG_WARN_OBJC_LITERAL_CONVERSION = YES;
				CLANG_WARN_OBJC_ROOT_CLASS = YES_ERROR;
				CLANG_WARN_RANGE_LOOP_ANALYSIS = YES;
				CLANG_WARN_STRICT_PROTOTYPES = YES;
				CLANG_WARN_SUSPICIOUS_MOVE = YES;
				CLANG_WARN_UNGUARDED_AVAILABILITY = YES_AGGRESSIVE;
				CLANG_WARN_UNREACHABLE_CODE = YES;
				CLANG_WARN__DUPLICATE_METHOD_MATCH = YES;
				COPY_PHASE_STRIP = NO;
				DEBUG_INFORMATION_FORMAT = "dwarf-with-dsym";
				ENABLE_NS_ASSERTIONS = NO;
				ENABLE_STRICT_OBJC_MSGSEND = YES;
				GCC_C_LANGUAGE_STANDARD = gnu11;
				GCC_NO_COMMON_BLOCKS = YES;
				GCC_WARN_64_TO_32_BIT_CONVERSION = YES;
				GCC_WARN_ABOUT_RETURN_TYPE = YES_ERROR;
				GCC_WARN_UNDECLARED_SELECTOR = YES;
				GCC_WARN_UNINITIALIZED_AUTOS = YES_AGGRESSIVE;
				GCC_WARN_UNUSED_FUNCTION = YES;
				GCC_WARN_UNUSED_VARIABLE = YES;
				IPHONEOS_DEPLOYMENT_TARGET = 13.0;
				MTL_ENABLE_DEBUG_INFO = NO;
				MTL_FAST_MATH = YES;
				SDKROOT = iphoneos;
				SWIFT_COMPILATION_MODE = wholemodule;
				SWIFT_OPTIMIZATION_LEVEL = "-O";
				VALIDATE_PRODUCT = YES;
			};
			name = Release;
		};
		92EDE1D6232E80A600B3D94E /* Debug */ = {
			isa = XCBuildConfiguration;
			baseConfigurationReference = 3C7DFC52220A859244B11FC8 /* Pods-EnjoyTask.debug.xcconfig */;
			buildSettings = {
				ASSETCATALOG_COMPILER_APPICON_NAME = AppIcon;
				CODE_SIGN_IDENTITY = "iPhone Developer";
				CODE_SIGN_STYLE = Manual;
				DEVELOPMENT_TEAM = B7ECV6NH3D;
				INFOPLIST_FILE = EnjoyTask/Info.plist;
				LD_RUNPATH_SEARCH_PATHS = (
					"$(inherited)",
					"@executable_path/Frameworks",
				);
				PRODUCT_BUNDLE_IDENTIFIER = com.yamadaryo.EnjoyTask.dev;
				PRODUCT_NAME = "$(TARGET_NAME)";
				PROVISIONING_PROFILE_SPECIFIER = EnjoyTask_dev;
				SWIFT_VERSION = 5.0;
				TARGETED_DEVICE_FAMILY = 1;
			};
			name = Debug;
		};
		92EDE1D7232E80A600B3D94E /* Release */ = {
			isa = XCBuildConfiguration;
			baseConfigurationReference = 87BD2DC32F3B19CCA4A12113 /* Pods-EnjoyTask.release.xcconfig */;
			buildSettings = {
				ASSETCATALOG_COMPILER_APPICON_NAME = AppIcon;
				CODE_SIGN_STYLE = Automatic;
				DEVELOPMENT_TEAM = B7ECV6NH3D;
				INFOPLIST_FILE = EnjoyTask/Info.plist;
				LD_RUNPATH_SEARCH_PATHS = (
					"$(inherited)",
					"@executable_path/Frameworks",
				);
				PRODUCT_BUNDLE_IDENTIFIER = com.yamadaryo.EnjoyTask;
				PRODUCT_NAME = "$(TARGET_NAME)";
				SWIFT_VERSION = 5.0;
				TARGETED_DEVICE_FAMILY = 1;
			};
			name = Release;
		};
		92EDE1D9232E80A600B3D94E /* Debug */ = {
			isa = XCBuildConfiguration;
			baseConfigurationReference = ADCDE0EC3DAB1D360CFE21F8 /* Pods-EnjoyTaskTests.debug.xcconfig */;
			buildSettings = {
				ALWAYS_EMBED_SWIFT_STANDARD_LIBRARIES = "$(inherited)";
				BUNDLE_LOADER = "$(TEST_HOST)";
				CODE_SIGN_STYLE = Automatic;
				DEVELOPMENT_TEAM = B7ECV6NH3D;
				INFOPLIST_FILE = EnjoyTaskTests/Info.plist;
				IPHONEOS_DEPLOYMENT_TARGET = 13.0;
				LD_RUNPATH_SEARCH_PATHS = (
					"$(inherited)",
					"@executable_path/Frameworks",
					"@loader_path/Frameworks",
				);
				PRODUCT_BUNDLE_IDENTIFIER = com.yamadaryo.EnjoyTaskTests;
				PRODUCT_NAME = "$(TARGET_NAME)";
				SWIFT_VERSION = 5.0;
				TARGETED_DEVICE_FAMILY = "1,2";
				TEST_HOST = "$(BUILT_PRODUCTS_DIR)/EnjoyTask.app/EnjoyTask";
			};
			name = Debug;
		};
		92EDE1DA232E80A600B3D94E /* Release */ = {
			isa = XCBuildConfiguration;
			baseConfigurationReference = BB7847EB3E09F980D12214A8 /* Pods-EnjoyTaskTests.release.xcconfig */;
			buildSettings = {
				ALWAYS_EMBED_SWIFT_STANDARD_LIBRARIES = "$(inherited)";
				BUNDLE_LOADER = "$(TEST_HOST)";
				CODE_SIGN_STYLE = Automatic;
				DEVELOPMENT_TEAM = B7ECV6NH3D;
				INFOPLIST_FILE = EnjoyTaskTests/Info.plist;
				IPHONEOS_DEPLOYMENT_TARGET = 13.0;
				LD_RUNPATH_SEARCH_PATHS = (
					"$(inherited)",
					"@executable_path/Frameworks",
					"@loader_path/Frameworks",
				);
				PRODUCT_BUNDLE_IDENTIFIER = com.yamadaryo.EnjoyTaskTests;
				PRODUCT_NAME = "$(TARGET_NAME)";
				SWIFT_VERSION = 5.0;
				TARGETED_DEVICE_FAMILY = "1,2";
				TEST_HOST = "$(BUILT_PRODUCTS_DIR)/EnjoyTask.app/EnjoyTask";
			};
			name = Release;
		};
		92EDE1DC232E80A600B3D94E /* Debug */ = {
			isa = XCBuildConfiguration;
			baseConfigurationReference = 14472CBB385B6EE829FFDE77 /* Pods-EnjoyTask-EnjoyTaskUITests.debug.xcconfig */;
			buildSettings = {
				ALWAYS_EMBED_SWIFT_STANDARD_LIBRARIES = "$(inherited)";
				CODE_SIGN_STYLE = Automatic;
				DEVELOPMENT_TEAM = B7ECV6NH3D;
				INFOPLIST_FILE = EnjoyTaskUITests/Info.plist;
				LD_RUNPATH_SEARCH_PATHS = (
					"$(inherited)",
					"@executable_path/Frameworks",
					"@loader_path/Frameworks",
				);
				PRODUCT_BUNDLE_IDENTIFIER = com.yamadaryo.EnjoyTaskUITests;
				PRODUCT_NAME = "$(TARGET_NAME)";
				SWIFT_VERSION = 5.0;
				TARGETED_DEVICE_FAMILY = "1,2";
				TEST_TARGET_NAME = EnjoyTask;
			};
			name = Debug;
		};
		92EDE1DD232E80A600B3D94E /* Release */ = {
			isa = XCBuildConfiguration;
			baseConfigurationReference = 6DF7B13B051EE2538598957A /* Pods-EnjoyTask-EnjoyTaskUITests.release.xcconfig */;
			buildSettings = {
				ALWAYS_EMBED_SWIFT_STANDARD_LIBRARIES = "$(inherited)";
				CODE_SIGN_STYLE = Automatic;
				DEVELOPMENT_TEAM = B7ECV6NH3D;
				INFOPLIST_FILE = EnjoyTaskUITests/Info.plist;
				LD_RUNPATH_SEARCH_PATHS = (
					"$(inherited)",
					"@executable_path/Frameworks",
					"@loader_path/Frameworks",
				);
				PRODUCT_BUNDLE_IDENTIFIER = com.yamadaryo.EnjoyTaskUITests;
				PRODUCT_NAME = "$(TARGET_NAME)";
				SWIFT_VERSION = 5.0;
				TARGETED_DEVICE_FAMILY = "1,2";
				TEST_TARGET_NAME = EnjoyTask;
			};
			name = Release;
		};
		92EDE1FC232F84E700B3D94E /* Staging */ = {
			isa = XCBuildConfiguration;
			buildSettings = {
				ALWAYS_SEARCH_USER_PATHS = NO;
				CLANG_ANALYZER_NONNULL = YES;
				CLANG_ANALYZER_NUMBER_OBJECT_CONVERSION = YES_AGGRESSIVE;
				CLANG_CXX_LANGUAGE_STANDARD = "gnu++14";
				CLANG_CXX_LIBRARY = "libc++";
				CLANG_ENABLE_MODULES = YES;
				CLANG_ENABLE_OBJC_ARC = YES;
				CLANG_ENABLE_OBJC_WEAK = YES;
				CLANG_WARN_BLOCK_CAPTURE_AUTORELEASING = YES;
				CLANG_WARN_BOOL_CONVERSION = YES;
				CLANG_WARN_COMMA = YES;
				CLANG_WARN_CONSTANT_CONVERSION = YES;
				CLANG_WARN_DEPRECATED_OBJC_IMPLEMENTATIONS = YES;
				CLANG_WARN_DIRECT_OBJC_ISA_USAGE = YES_ERROR;
				CLANG_WARN_DOCUMENTATION_COMMENTS = YES;
				CLANG_WARN_EMPTY_BODY = YES;
				CLANG_WARN_ENUM_CONVERSION = YES;
				CLANG_WARN_INFINITE_RECURSION = YES;
				CLANG_WARN_INT_CONVERSION = YES;
				CLANG_WARN_NON_LITERAL_NULL_CONVERSION = YES;
				CLANG_WARN_OBJC_IMPLICIT_RETAIN_SELF = YES;
				CLANG_WARN_OBJC_LITERAL_CONVERSION = YES;
				CLANG_WARN_OBJC_ROOT_CLASS = YES_ERROR;
				CLANG_WARN_RANGE_LOOP_ANALYSIS = YES;
				CLANG_WARN_STRICT_PROTOTYPES = YES;
				CLANG_WARN_SUSPICIOUS_MOVE = YES;
				CLANG_WARN_UNGUARDED_AVAILABILITY = YES_AGGRESSIVE;
				CLANG_WARN_UNREACHABLE_CODE = YES;
				CLANG_WARN__DUPLICATE_METHOD_MATCH = YES;
				COPY_PHASE_STRIP = NO;
				DEBUG_INFORMATION_FORMAT = dwarf;
				ENABLE_STRICT_OBJC_MSGSEND = YES;
				ENABLE_TESTABILITY = YES;
				GCC_C_LANGUAGE_STANDARD = gnu11;
				GCC_DYNAMIC_NO_PIC = NO;
				GCC_NO_COMMON_BLOCKS = YES;
				GCC_OPTIMIZATION_LEVEL = 0;
				GCC_PREPROCESSOR_DEFINITIONS = (
					"STAGING=1",
					"$(inherited)",
				);
				GCC_WARN_64_TO_32_BIT_CONVERSION = YES;
				GCC_WARN_ABOUT_RETURN_TYPE = YES_ERROR;
				GCC_WARN_UNDECLARED_SELECTOR = YES;
				GCC_WARN_UNINITIALIZED_AUTOS = YES_AGGRESSIVE;
				GCC_WARN_UNUSED_FUNCTION = YES;
				GCC_WARN_UNUSED_VARIABLE = YES;
				IPHONEOS_DEPLOYMENT_TARGET = 13.0;
				MTL_ENABLE_DEBUG_INFO = INCLUDE_SOURCE;
				MTL_FAST_MATH = YES;
				ONLY_ACTIVE_ARCH = YES;
				SDKROOT = iphoneos;
				SWIFT_ACTIVE_COMPILATION_CONDITIONS = DEBUG;
				SWIFT_OPTIMIZATION_LEVEL = "-Onone";
			};
			name = Staging;
		};
		92EDE1FD232F84E700B3D94E /* Staging */ = {
			isa = XCBuildConfiguration;
			baseConfigurationReference = CC4238F7338FE7848E6E8F6C /* Pods-EnjoyTask.staging.xcconfig */;
			buildSettings = {
				ASSETCATALOG_COMPILER_APPICON_NAME = AppIcon;
				CODE_SIGN_STYLE = Automatic;
				DEVELOPMENT_TEAM = B7ECV6NH3D;
				INFOPLIST_FILE = EnjoyTask/Info.plist;
				LD_RUNPATH_SEARCH_PATHS = (
					"$(inherited)",
					"@executable_path/Frameworks",
				);
				PRODUCT_BUNDLE_IDENTIFIER = com.yamadaryo.EnjoyTask.stg;
				PRODUCT_NAME = "$(TARGET_NAME)";
				SWIFT_ACTIVE_COMPILATION_CONDITIONS = STAGING;
				SWIFT_VERSION = 5.0;
				TARGETED_DEVICE_FAMILY = 1;
			};
			name = Staging;
		};
		92EDE1FE232F84E700B3D94E /* Staging */ = {
			isa = XCBuildConfiguration;
			baseConfigurationReference = E0A1435834DA3EABF56087E3 /* Pods-EnjoyTaskTests.staging.xcconfig */;
			buildSettings = {
				ALWAYS_EMBED_SWIFT_STANDARD_LIBRARIES = "$(inherited)";
				BUNDLE_LOADER = "$(TEST_HOST)";
				CODE_SIGN_STYLE = Automatic;
				DEVELOPMENT_TEAM = B7ECV6NH3D;
				INFOPLIST_FILE = EnjoyTaskTests/Info.plist;
				IPHONEOS_DEPLOYMENT_TARGET = 13.0;
				LD_RUNPATH_SEARCH_PATHS = (
					"$(inherited)",
					"@executable_path/Frameworks",
					"@loader_path/Frameworks",
				);
				PRODUCT_BUNDLE_IDENTIFIER = com.yamadaryo.EnjoyTaskTests;
				PRODUCT_NAME = "$(TARGET_NAME)";
				SWIFT_VERSION = 5.0;
				TARGETED_DEVICE_FAMILY = "1,2";
				TEST_HOST = "$(BUILT_PRODUCTS_DIR)/EnjoyTask.app/EnjoyTask";
			};
			name = Staging;
		};
		92EDE1FF232F84E700B3D94E /* Staging */ = {
			isa = XCBuildConfiguration;
			baseConfigurationReference = 07BF8186AAAFBAFBD802AD00 /* Pods-EnjoyTask-EnjoyTaskUITests.staging.xcconfig */;
			buildSettings = {
				ALWAYS_EMBED_SWIFT_STANDARD_LIBRARIES = "$(inherited)";
				CODE_SIGN_STYLE = Automatic;
				DEVELOPMENT_TEAM = B7ECV6NH3D;
				INFOPLIST_FILE = EnjoyTaskUITests/Info.plist;
				LD_RUNPATH_SEARCH_PATHS = (
					"$(inherited)",
					"@executable_path/Frameworks",
					"@loader_path/Frameworks",
				);
				PRODUCT_BUNDLE_IDENTIFIER = com.yamadaryo.EnjoyTaskUITests;
				PRODUCT_NAME = "$(TARGET_NAME)";
				SWIFT_VERSION = 5.0;
				TARGETED_DEVICE_FAMILY = "1,2";
				TEST_TARGET_NAME = EnjoyTask;
			};
			name = Staging;
		};
/* End XCBuildConfiguration section */

/* Begin XCConfigurationList section */
		92EDE1A6232E80A400B3D94E /* Build configuration list for PBXProject "EnjoyTask" */ = {
			isa = XCConfigurationList;
			buildConfigurations = (
				92EDE1D3232E80A600B3D94E /* Debug */,
				92EDE1FC232F84E700B3D94E /* Staging */,
				92EDE1D4232E80A600B3D94E /* Release */,
			);
			defaultConfigurationIsVisible = 0;
			defaultConfigurationName = Release;
		};
		92EDE1D5232E80A600B3D94E /* Build configuration list for PBXNativeTarget "EnjoyTask" */ = {
			isa = XCConfigurationList;
			buildConfigurations = (
				92EDE1D6232E80A600B3D94E /* Debug */,
				92EDE1FD232F84E700B3D94E /* Staging */,
				92EDE1D7232E80A600B3D94E /* Release */,
			);
			defaultConfigurationIsVisible = 0;
			defaultConfigurationName = Release;
		};
		92EDE1D8232E80A600B3D94E /* Build configuration list for PBXNativeTarget "EnjoyTaskTests" */ = {
			isa = XCConfigurationList;
			buildConfigurations = (
				92EDE1D9232E80A600B3D94E /* Debug */,
				92EDE1FE232F84E700B3D94E /* Staging */,
				92EDE1DA232E80A600B3D94E /* Release */,
			);
			defaultConfigurationIsVisible = 0;
			defaultConfigurationName = Release;
		};
		92EDE1DB232E80A600B3D94E /* Build configuration list for PBXNativeTarget "EnjoyTaskUITests" */ = {
			isa = XCConfigurationList;
			buildConfigurations = (
				92EDE1DC232E80A600B3D94E /* Debug */,
				92EDE1FF232F84E700B3D94E /* Staging */,
				92EDE1DD232E80A600B3D94E /* Release */,
			);
			defaultConfigurationIsVisible = 0;
			defaultConfigurationName = Release;
		};
/* End XCConfigurationList section */
	};
	rootObject = 92EDE1A3232E80A400B3D94E /* Project object */;
}
