// !$*UTF8*$!
{
	archiveVersion = 1;
	classes = {
	};
	objectVersion = 50;
	objects = {

/* Begin PBXBuildFile section */
		92EDE1AF232E80A400B3D94E /* AppDelegate.swift in Sources */ = {isa = PBXBuildFile; fileRef = 92EDE1AE232E80A400B3D94E /* AppDelegate.swift */; };
		92EDE1B1232E80A400B3D94E /* SceneDelegate.swift in Sources */ = {isa = PBXBuildFile; fileRef = 92EDE1B0232E80A400B3D94E /* SceneDelegate.swift */; };
		92EDE1B3232E80A400B3D94E /* ViewController.swift in Sources */ = {isa = PBXBuildFile; fileRef = 92EDE1B2232E80A400B3D94E /* ViewController.swift */; };
		92EDE1B6232E80A400B3D94E /* Main.storyboard in Resources */ = {isa = PBXBuildFile; fileRef = 92EDE1B4232E80A400B3D94E /* Main.storyboard */; };
		92EDE1B8232E80A500B3D94E /* Assets.xcassets in Resources */ = {isa = PBXBuildFile; fileRef = 92EDE1B7232E80A500B3D94E /* Assets.xcassets */; };
		92EDE1BB232E80A500B3D94E /* LaunchScreen.storyboard in Resources */ = {isa = PBXBuildFile; fileRef = 92EDE1B9232E80A500B3D94E /* LaunchScreen.storyboard */; };
		92EDE1C6232E80A600B3D94E /* EnjoyTaskTests.swift in Sources */ = {isa = PBXBuildFile; fileRef = 92EDE1C5232E80A600B3D94E /* EnjoyTaskTests.swift */; };
		92EDE1D1232E80A600B3D94E /* EnjoyTaskUITests.swift in Sources */ = {isa = PBXBuildFile; fileRef = 92EDE1D0232E80A600B3D94E /* EnjoyTaskUITests.swift */; };
		92EDE1DF232E839C00B3D94E /* README.md in Resources */ = {isa = PBXBuildFile; fileRef = 92EDE1DE232E839C00B3D94E /* README.md */; };
/* End PBXBuildFile section */

/* Begin PBXContainerItemProxy section */
		92EDE1C2232E80A600B3D94E /* PBXContainerItemProxy */ = {
			isa = PBXContainerItemProxy;
			containerPortal = 92EDE1A3232E80A400B3D94E /* Project object */;
			proxyType = 1;
			remoteGlobalIDString = 92EDE1AA232E80A400B3D94E;
			remoteInfo = EnjoyTask;
		};
		92EDE1CD232E80A600B3D94E /* PBXContainerItemProxy */ = {
			isa = PBXContainerItemProxy;
			containerPortal = 92EDE1A3232E80A400B3D94E /* Project object */;
			proxyType = 1;
			remoteGlobalIDString = 92EDE1AA232E80A400B3D94E;
			remoteInfo = EnjoyTask;
		};
/* End PBXContainerItemProxy section */

/* Begin PBXFileReference section */
		92EDE1AB232E80A400B3D94E /* EnjoyTask.app */ = {isa = PBXFileReference; explicitFileType = wrapper.application; includeInIndex = 0; path = EnjoyTask.app; sourceTree = BUILT_PRODUCTS_DIR; };
		92EDE1AE232E80A400B3D94E /* AppDelegate.swift */ = {isa = PBXFileReference; lastKnownFileType = sourcecode.swift; path = AppDelegate.swift; sourceTree = "<group>"; };
		92EDE1B0232E80A400B3D94E /* SceneDelegate.swift */ = {isa = PBXFileReference; lastKnownFileType = sourcecode.swift; path = SceneDelegate.swift; sourceTree = "<group>"; };
		92EDE1B2232E80A400B3D94E /* ViewController.swift */ = {isa = PBXFileReference; lastKnownFileType = sourcecode.swift; path = ViewController.swift; sourceTree = "<group>"; };
		92EDE1B5232E80A400B3D94E /* Base */ = {isa = PBXFileReference; lastKnownFileType = file.storyboard; name = Base; path = Base.lproj/Main.storyboard; sourceTree = "<group>"; };
		92EDE1B7232E80A500B3D94E /* Assets.xcassets */ = {isa = PBXFileReference; lastKnownFileType = folder.assetcatalog; path = Assets.xcassets; sourceTree = "<group>"; };
		92EDE1BA232E80A500B3D94E /* Base */ = {isa = PBXFileReference; lastKnownFileType = file.storyboard; name = Base; path = Base.lproj/LaunchScreen.storyboard; sourceTree = "<group>"; };
		92EDE1BC232E80A500B3D94E /* Info.plist */ = {isa = PBXFileReference; lastKnownFileType = text.plist.xml; path = Info.plist; sourceTree = "<group>"; };
		92EDE1C1232E80A600B3D94E /* EnjoyTaskTests.xctest */ = {isa = PBXFileReference; explicitFileType = wrapper.cfbundle; includeInIndex = 0; path = EnjoyTaskTests.xctest; sourceTree = BUILT_PRODUCTS_DIR; };
		92EDE1C5232E80A600B3D94E /* EnjoyTaskTests.swift */ = {isa = PBXFileReference; lastKnownFileType = sourcecode.swift; path = EnjoyTaskTests.swift; sourceTree = "<group>"; };
		92EDE1C7232E80A600B3D94E /* Info.plist */ = {isa = PBXFileReference; lastKnownFileType = text.plist.xml; path = Info.plist; sourceTree = "<group>"; };
		92EDE1CC232E80A600B3D94E /* EnjoyTaskUITests.xctest */ = {isa = PBXFileReference; explicitFileType = wrapper.cfbundle; includeInIndex = 0; path = EnjoyTaskUITests.xctest; sourceTree = BUILT_PRODUCTS_DIR; };
		92EDE1D0232E80A600B3D94E /* EnjoyTaskUITests.swift */ = {isa = PBXFileReference; lastKnownFileType = sourcecode.swift; path = EnjoyTaskUITests.swift; sourceTree = "<group>"; };
		92EDE1D2232E80A600B3D94E /* Info.plist */ = {isa = PBXFileReference; lastKnownFileType = text.plist.xml; path = Info.plist; sourceTree = "<group>"; };
		92EDE1DE232E839C00B3D94E /* README.md */ = {isa = PBXFileReference; fileEncoding = 4; lastKnownFileType = net.daringfireball.markdown; path = README.md; sourceTree = "<group>"; };
/* End PBXFileReference section */

/* Begin PBXFrameworksBuildPhase section */
		92EDE1A8232E80A400B3D94E /* Frameworks */ = {
			isa = PBXFrameworksBuildPhase;
			buildActionMask = 2147483647;
			files = (
			);
			runOnlyForDeploymentPostprocessing = 0;
		};
		92EDE1BE232E80A600B3D94E /* Frameworks */ = {
			isa = PBXFrameworksBuildPhase;
			buildActionMask = 2147483647;
			files = (
			);
			runOnlyForDeploymentPostprocessing = 0;
		};
		92EDE1C9232E80A600B3D94E /* Frameworks */ = {
			isa = PBXFrameworksBuildPhase;
			buildActionMask = 2147483647;
			files = (
			);
			runOnlyForDeploymentPostprocessing = 0;
		};
/* End PBXFrameworksBuildPhase section */

/* Begin PBXGroup section */
		92EDE1A2232E80A400B3D94E = {
			isa = PBXGroup;
			children = (
				92EDE1DE232E839C00B3D94E /* README.md */,
				92EDE1AD232E80A400B3D94E /* EnjoyTask */,
				92EDE1C4232E80A600B3D94E /* EnjoyTaskTests */,
				92EDE1CF232E80A600B3D94E /* EnjoyTaskUITests */,
				92EDE1AC232E80A400B3D94E /* Products */,
			);
			sourceTree = "<group>";
		};
		92EDE1AC232E80A400B3D94E /* Products */ = {
			isa = PBXGroup;
			children = (
				92EDE1AB232E80A400B3D94E /* EnjoyTask.app */,
				92EDE1C1232E80A600B3D94E /* EnjoyTaskTests.xctest */,
				92EDE1CC232E80A600B3D94E /* EnjoyTaskUITests.xctest */,
			);
			name = Products;
			sourceTree = "<group>";
		};
		92EDE1AD232E80A400B3D94E /* EnjoyTask */ = {
			isa = PBXGroup;
			children = (
				92EDE1AE232E80A400B3D94E /* AppDelegate.swift */,
				92EDE1B0232E80A400B3D94E /* SceneDelegate.swift */,
				92EDE1B2232E80A400B3D94E /* ViewController.swift */,
				92EDE1B4232E80A400B3D94E /* Main.storyboard */,
				92EDE1B7232E80A500B3D94E /* Assets.xcassets */,
				92EDE1B9232E80A500B3D94E /* LaunchScreen.storyboard */,
				92EDE1BC232E80A500B3D94E /* Info.plist */,
			);
			path = EnjoyTask;
			sourceTree = "<group>";
		};
		92EDE1C4232E80A600B3D94E /* EnjoyTaskTests */ = {
			isa = PBXGroup;
			children = (
				92EDE1C5232E80A600B3D94E /* EnjoyTaskTests.swift */,
				92EDE1C7232E80A600B3D94E /* Info.plist */,
			);
			path = EnjoyTaskTests;
			sourceTree = "<group>";
		};
		92EDE1CF232E80A600B3D94E /* EnjoyTaskUITests */ = {
			isa = PBXGroup;
			children = (
				92EDE1D0232E80A600B3D94E /* EnjoyTaskUITests.swift */,
				92EDE1D2232E80A600B3D94E /* Info.plist */,
			);
			path = EnjoyTaskUITests;
			sourceTree = "<group>";
		};
/* End PBXGroup section */

/* Begin PBXNativeTarget section */
		92EDE1AA232E80A400B3D94E /* EnjoyTask */ = {
			isa = PBXNativeTarget;
			buildConfigurationList = 92EDE1D5232E80A600B3D94E /* Build configuration list for PBXNativeTarget "EnjoyTask" */;
			buildPhases = (
				92EDE1A7232E80A400B3D94E /* Sources */,
				92EDE1A8232E80A400B3D94E /* Frameworks */,
				92EDE1A9232E80A400B3D94E /* Resources */,
			);
			buildRules = (
			);
			dependencies = (
			);
			name = EnjoyTask;
			productName = EnjoyTask;
			productReference = 92EDE1AB232E80A400B3D94E /* EnjoyTask.app */;
			productType = "com.apple.product-type.application";
		};
		92EDE1C0232E80A600B3D94E /* EnjoyTaskTests */ = {
			isa = PBXNativeTarget;
			buildConfigurationList = 92EDE1D8232E80A600B3D94E /* Build configuration list for PBXNativeTarget "EnjoyTaskTests" */;
			buildPhases = (
				92EDE1BD232E80A600B3D94E /* Sources */,
				92EDE1BE232E80A600B3D94E /* Frameworks */,
				92EDE1BF232E80A600B3D94E /* Resources */,
			);
			buildRules = (
			);
			dependencies = (
				92EDE1C3232E80A600B3D94E /* PBXTargetDependency */,
			);
			name = EnjoyTaskTests;
			productName = EnjoyTaskTests;
			productReference = 92EDE1C1232E80A600B3D94E /* EnjoyTaskTests.xctest */;
			productType = "com.apple.product-type.bundle.unit-test";
		};
		92EDE1CB232E80A600B3D94E /* EnjoyTaskUITests */ = {
			isa = PBXNativeTarget;
			buildConfigurationList = 92EDE1DB232E80A600B3D94E /* Build configuration list for PBXNativeTarget "EnjoyTaskUITests" */;
			buildPhases = (
				92EDE1C8232E80A600B3D94E /* Sources */,
				92EDE1C9232E80A600B3D94E /* Frameworks */,
				92EDE1CA232E80A600B3D94E /* Resources */,
			);
			buildRules = (
			);
			dependencies = (
				92EDE1CE232E80A600B3D94E /* PBXTargetDependency */,
			);
			name = EnjoyTaskUITests;
			productName = EnjoyTaskUITests;
			productReference = 92EDE1CC232E80A600B3D94E /* EnjoyTaskUITests.xctest */;
			productType = "com.apple.product-type.bundle.ui-testing";
		};
/* End PBXNativeTarget section */

/* Begin PBXProject section */
		92EDE1A3232E80A400B3D94E /* Project object */ = {
			isa = PBXProject;
			attributes = {
				LastSwiftUpdateCheck = 1100;
				LastUpgradeCheck = 1100;
				ORGANIZATIONNAME = yamadaryo;
				TargetAttributes = {
					92EDE1AA232E80A400B3D94E = {
						CreatedOnToolsVersion = 11.0;
					};
					92EDE1C0232E80A600B3D94E = {
						CreatedOnToolsVersion = 11.0;
						TestTargetID = 92EDE1AA232E80A400B3D94E;
					};
					92EDE1CB232E80A600B3D94E = {
						CreatedOnToolsVersion = 11.0;
						TestTargetID = 92EDE1AA232E80A400B3D94E;
					};
				};
			};
			buildConfigurationList = 92EDE1A6232E80A400B3D94E /* Build configuration list for PBXProject "EnjoyTask" */;
			compatibilityVersion = "Xcode 9.3";
			developmentRegion = en;
			hasScannedForEncodings = 0;
			knownRegions = (
				en,
				Base,
			);
			mainGroup = 92EDE1A2232E80A400B3D94E;
			productRefGroup = 92EDE1AC232E80A400B3D94E /* Products */;
			projectDirPath = "";
			projectRoot = "";
			targets = (
				92EDE1AA232E80A400B3D94E /* EnjoyTask */,
				92EDE1C0232E80A600B3D94E /* EnjoyTaskTests */,
				92EDE1CB232E80A600B3D94E /* EnjoyTaskUITests */,
			);
		};
/* End PBXProject section */

/* Begin PBXResourcesBuildPhase section */
		92EDE1A9232E80A400B3D94E /* Resources */ = {
			isa = PBXResourcesBuildPhase;
			buildActionMask = 2147483647;
			files = (
				92EDE1BB232E80A500B3D94E /* LaunchScreen.storyboard in Resources */,
				92EDE1B8232E80A500B3D94E /* Assets.xcassets in Resources */,
				92EDE1DF232E839C00B3D94E /* README.md in Resources */,
				92EDE1B6232E80A400B3D94E /* Main.storyboard in Resources */,
			);
			runOnlyForDeploymentPostprocessing = 0;
		};
		92EDE1BF232E80A600B3D94E /* Resources */ = {
			isa = PBXResourcesBuildPhase;
			buildActionMask = 2147483647;
			files = (
			);
			runOnlyForDeploymentPostprocessing = 0;
		};
		92EDE1CA232E80A600B3D94E /* Resources */ = {
			isa = PBXResourcesBuildPhase;
			buildActionMask = 2147483647;
			files = (
			);
			runOnlyForDeploymentPostprocessing = 0;
		};
/* End PBXResourcesBuildPhase section */

/* Begin PBXSourcesBuildPhase section */
		92EDE1A7232E80A400B3D94E /* Sources */ = {
			isa = PBXSourcesBuildPhase;
			buildActionMask = 2147483647;
			files = (
				92EDE1B3232E80A400B3D94E /* ViewController.swift in Sources */,
				92EDE1AF232E80A400B3D94E /* AppDelegate.swift in Sources */,
				92EDE1B1232E80A400B3D94E /* SceneDelegate.swift in Sources */,
			);
			runOnlyForDeploymentPostprocessing = 0;
		};
		92EDE1BD232E80A600B3D94E /* Sources */ = {
			isa = PBXSourcesBuildPhase;
			buildActionMask = 2147483647;
			files = (
				92EDE1C6232E80A600B3D94E /* EnjoyTaskTests.swift in Sources */,
			);
			runOnlyForDeploymentPostprocessing = 0;
		};
		92EDE1C8232E80A600B3D94E /* Sources */ = {
			isa = PBXSourcesBuildPhase;
			buildActionMask = 2147483647;
			files = (
				92EDE1D1232E80A600B3D94E /* EnjoyTaskUITests.swift in Sources */,
			);
			runOnlyForDeploymentPostprocessing = 0;
		};
/* End PBXSourcesBuildPhase section */

/* Begin PBXTargetDependency section */
		92EDE1C3232E80A600B3D94E /* PBXTargetDependency */ = {
			isa = PBXTargetDependency;
			target = 92EDE1AA232E80A400B3D94E /* EnjoyTask */;
			targetProxy = 92EDE1C2232E80A600B3D94E /* PBXContainerItemProxy */;
		};
		92EDE1CE232E80A600B3D94E /* PBXTargetDependency */ = {
			isa = PBXTargetDependency;
			target = 92EDE1AA232E80A400B3D94E /* EnjoyTask */;
			targetProxy = 92EDE1CD232E80A600B3D94E /* PBXContainerItemProxy */;
		};
/* End PBXTargetDependency section */

/* Begin PBXVariantGroup section */
		92EDE1B4232E80A400B3D94E /* Main.storyboard */ = {
			isa = PBXVariantGroup;
			children = (
				92EDE1B5232E80A400B3D94E /* Base */,
			);
			name = Main.storyboard;
			sourceTree = "<group>";
		};
		92EDE1B9232E80A500B3D94E /* LaunchScreen.storyboard */ = {
			isa = PBXVariantGroup;
			children = (
				92EDE1BA232E80A500B3D94E /* Base */,
			);
			name = LaunchScreen.storyboard;
			sourceTree = "<group>";
		};
/* End PBXVariantGroup section */

/* Begin XCBuildConfiguration section */
		92EDE1D3232E80A600B3D94E /* Debug */ = {
			isa = XCBuildConfiguration;
			buildSettings = {
				ALWAYS_SEARCH_USER_PATHS = NO;
				CLANG_ANALYZER_NONNULL = YES;
				CLANG_ANALYZER_NUMBER_OBJECT_CONVERSION = YES_AGGRESSIVE;
				CLANG_CXX_LANGUAGE_STANDARD = "gnu++14";
				CLANG_CXX_LIBRARY = "libc++";
				CLANG_ENABLE_MODULES = YES;
				CLANG_ENABLE_OBJC_ARC = YES;
				CLANG_ENABLE_OBJC_WEAK = YES;
				CLANG_WARN_BLOCK_CAPTURE_AUTORELEASING = YES;
				CLANG_WARN_BOOL_CONVERSION = YES;
				CLANG_WARN_COMMA = YES;
				CLANG_WARN_CONSTANT_CONVERSION = YES;
				CLANG_WARN_DEPRECATED_OBJC_IMPLEMENTATIONS = YES;
				CLANG_WARN_DIRECT_OBJC_ISA_USAGE = YES_ERROR;
				CLANG_WARN_DOCUMENTATION_COMMENTS = YES;
				CLANG_WARN_EMPTY_BODY = YES;
				CLANG_WARN_ENUM_CONVERSION = YES;
				CLANG_WARN_INFINITE_RECURSION = YES;
				CLANG_WARN_INT_CONVERSION = YES;
				CLANG_WARN_NON_LITERAL_NULL_CONVERSION = YES;
				CLANG_WARN_OBJC_IMPLICIT_RETAIN_SELF = YES;
				CLANG_WARN_OBJC_LITERAL_CONVERSION = YES;
				CLANG_WARN_OBJC_ROOT_CLASS = YES_ERROR;
				CLANG_WARN_RANGE_LOOP_ANALYSIS = YES;
				CLANG_WARN_STRICT_PROTOTYPES = YES;
				CLANG_WARN_SUSPICIOUS_MOVE = YES;
				CLANG_WARN_UNGUARDED_AVAILABILITY = YES_AGGRESSIVE;
				CLANG_WARN_UNREACHABLE_CODE = YES;
				CLANG_WARN__DUPLICATE_METHOD_MATCH = YES;
				COPY_PHASE_STRIP = NO;
				DEBUG_INFORMATION_FORMAT = dwarf;
				ENABLE_STRICT_OBJC_MSGSEND = YES;
				ENABLE_TESTABILITY = YES;
				GCC_C_LANGUAGE_STANDARD = gnu11;
				GCC_DYNAMIC_NO_PIC = NO;
				GCC_NO_COMMON_BLOCKS = YES;
				GCC_OPTIMIZATION_LEVEL = 0;
				GCC_PREPROCESSOR_DEFINITIONS = (
					"DEBUG=1",
					"$(inherited)",
				);
				GCC_WARN_64_TO_32_BIT_CONVERSION = YES;
				GCC_WARN_ABOUT_RETURN_TYPE = YES_ERROR;
				GCC_WARN_UNDECLARED_SELECTOR = YES;
				GCC_WARN_UNINITIALIZED_AUTOS = YES_AGGRESSIVE;
				GCC_WARN_UNUSED_FUNCTION = YES;
				GCC_WARN_UNUSED_VARIABLE = YES;
				IPHONEOS_DEPLOYMENT_TARGET = 13.0;
				MTL_ENABLE_DEBUG_INFO = INCLUDE_SOURCE;
				MTL_FAST_MATH = YES;
				ONLY_ACTIVE_ARCH = YES;
				SDKROOT = iphoneos;
				SWIFT_ACTIVE_COMPILATION_CONDITIONS = DEBUG;
				SWIFT_OPTIMIZATION_LEVEL = "-Onone";
			};
			name = Debug;
		};
		92EDE1D4232E80A600B3D94E /* Release */ = {
			isa = XCBuildConfiguration;
			buildSettings = {
				ALWAYS_SEARCH_USER_PATHS = NO;
				CLANG_ANALYZER_NONNULL = YES;
				CLANG_ANALYZER_NUMBER_OBJECT_CONVERSION = YES_AGGRESSIVE;
				CLANG_CXX_LANGUAGE_STANDARD = "gnu++14";
				CLANG_CXX_LIBRARY = "libc++";
				CLANG_ENABLE_MODULES = YES;
				CLANG_ENABLE_OBJC_ARC = YES;
				CLANG_ENABLE_OBJC_WEAK = YES;
				CLANG_WARN_BLOCK_CAPTURE_AUTORELEASING = YES;
				CLANG_WARN_BOOL_CONVERSION = YES;
				CLANG_WARN_COMMA = YES;
				CLANG_WARN_CONSTANT_CONVERSION = YES;
				CLANG_WARN_DEPRECATED_OBJC_IMPLEMENTATIONS = YES;
				CLANG_WARN_DIRECT_OBJC_ISA_USAGE = YES_ERROR;
				CLANG_WARN_DOCUMENTATION_COMMENTS = YES;
				CLANG_WARN_EMPTY_BODY = YES;
				CLANG_WARN_ENUM_CONVERSION = YES;
				CLANG_WARN_INFINITE_RECURSION = YES;
				CLANG_WARN_INT_CONVERSION = YES;
				CLANG_WARN_NON_LITERAL_NULL_CONVERSION = YES;
				CLANG_WARN_OBJC_IMPLICIT_RETAIN_SELF = YES;
				CLANG_WARN_OBJC_LITERAL_CONVERSION = YES;
				CLANG_WARN_OBJC_ROOT_CLASS = YES_ERROR;
				CLANG_WARN_RANGE_LOOP_ANALYSIS = YES;
				CLANG_WARN_STRICT_PROTOTYPES = YES;
				CLANG_WARN_SUSPICIOUS_MOVE = YES;
				CLANG_WARN_UNGUARDED_AVAILABILITY = YES_AGGRESSIVE;
				CLANG_WARN_UNREACHABLE_CODE = YES;
				CLANG_WARN__DUPLICATE_METHOD_MATCH = YES;
				COPY_PHASE_STRIP = NO;
				DEBUG_INFORMATION_FORMAT = "dwarf-with-dsym";
				ENABLE_NS_ASSERTIONS = NO;
				ENABLE_STRICT_OBJC_MSGSEND = YES;
				GCC_C_LANGUAGE_STANDARD = gnu11;
				GCC_NO_COMMON_BLOCKS = YES;
				GCC_WARN_64_TO_32_BIT_CONVERSION = YES;
				GCC_WARN_ABOUT_RETURN_TYPE = YES_ERROR;
				GCC_WARN_UNDECLARED_SELECTOR = YES;
				GCC_WARN_UNINITIALIZED_AUTOS = YES_AGGRESSIVE;
				GCC_WARN_UNUSED_FUNCTION = YES;
				GCC_WARN_UNUSED_VARIABLE = YES;
				IPHONEOS_DEPLOYMENT_TARGET = 13.0;
				MTL_ENABLE_DEBUG_INFO = NO;
				MTL_FAST_MATH = YES;
				SDKROOT = iphoneos;
				SWIFT_COMPILATION_MODE = wholemodule;
				SWIFT_OPTIMIZATION_LEVEL = "-O";
				VALIDATE_PRODUCT = YES;
			};
			name = Release;
		};
		92EDE1D6232E80A600B3D94E /* Debug */ = {
			isa = XCBuildConfiguration;
			buildSettings = {
				ASSETCATALOG_COMPILER_APPICON_NAME = AppIcon;
				CODE_SIGN_STYLE = Automatic;
				DEVELOPMENT_TEAM = B7ECV6NH3D;
				INFOPLIST_FILE = EnjoyTask/Info.plist;
				LD_RUNPATH_SEARCH_PATHS = (
					"$(inherited)",
					"@executable_path/Frameworks",
				);
				PRODUCT_BUNDLE_IDENTIFIER = com.yamadaryo.EnjoyTask;
				PRODUCT_NAME = "$(TARGET_NAME)";
				SWIFT_VERSION = 5.0;
				TARGETED_DEVICE_FAMILY = "1,2";
			};
			name = Debug;
		};
		92EDE1D7232E80A600B3D94E /* Release */ = {
			isa = XCBuildConfiguration;
			buildSettings = {
				ASSETCATALOG_COMPILER_APPICON_NAME = AppIcon;
				CODE_SIGN_STYLE = Automatic;
				DEVELOPMENT_TEAM = B7ECV6NH3D;
				INFOPLIST_FILE = EnjoyTask/Info.plist;
				LD_RUNPATH_SEARCH_PATHS = (
					"$(inherited)",
					"@executable_path/Frameworks",
				);
				PRODUCT_BUNDLE_IDENTIFIER = com.yamadaryo.EnjoyTask;
				PRODUCT_NAME = "$(TARGET_NAME)";
				SWIFT_VERSION = 5.0;
				TARGETED_DEVICE_FAMILY = "1,2";
			};
			name = Release;
		};
		92EDE1D9232E80A600B3D94E /* Debug */ = {
			isa = XCBuildConfiguration;
			buildSettings = {
				ALWAYS_EMBED_SWIFT_STANDARD_LIBRARIES = YES;
				BUNDLE_LOADER = "$(TEST_HOST)";
				CODE_SIGN_STYLE = Automatic;
				DEVELOPMENT_TEAM = B7ECV6NH3D;
				INFOPLIST_FILE = EnjoyTaskTests/Info.plist;
				IPHONEOS_DEPLOYMENT_TARGET = 13.0;
				LD_RUNPATH_SEARCH_PATHS = (
					"$(inherited)",
					"@executable_path/Frameworks",
					"@loader_path/Frameworks",
				);
				PRODUCT_BUNDLE_IDENTIFIER = com.yamadaryo.EnjoyTaskTests;
				PRODUCT_NAME = "$(TARGET_NAME)";
				SWIFT_VERSION = 5.0;
				TARGETED_DEVICE_FAMILY = "1,2";
				TEST_HOST = "$(BUILT_PRODUCTS_DIR)/EnjoyTask.app/EnjoyTask";
			};
			name = Debug;
		};
		92EDE1DA232E80A600B3D94E /* Release */ = {
			isa = XCBuildConfiguration;
			buildSettings = {
				ALWAYS_EMBED_SWIFT_STANDARD_LIBRARIES = YES;
				BUNDLE_LOADER = "$(TEST_HOST)";
				CODE_SIGN_STYLE = Automatic;
				DEVELOPMENT_TEAM = B7ECV6NH3D;
				INFOPLIST_FILE = EnjoyTaskTests/Info.plist;
				IPHONEOS_DEPLOYMENT_TARGET = 13.0;
				LD_RUNPATH_SEARCH_PATHS = (
					"$(inherited)",
					"@executable_path/Frameworks",
					"@loader_path/Frameworks",
				);
				PRODUCT_BUNDLE_IDENTIFIER = com.yamadaryo.EnjoyTaskTests;
				PRODUCT_NAME = "$(TARGET_NAME)";
				SWIFT_VERSION = 5.0;
				TARGETED_DEVICE_FAMILY = "1,2";
				TEST_HOST = "$(BUILT_PRODUCTS_DIR)/EnjoyTask.app/EnjoyTask";
			};
			name = Release;
		};
		92EDE1DC232E80A600B3D94E /* Debug */ = {
			isa = XCBuildConfiguration;
			buildSettings = {
				ALWAYS_EMBED_SWIFT_STANDARD_LIBRARIES = YES;
				CODE_SIGN_STYLE = Automatic;
				DEVELOPMENT_TEAM = B7ECV6NH3D;
				INFOPLIST_FILE = EnjoyTaskUITests/Info.plist;
				LD_RUNPATH_SEARCH_PATHS = (
					"$(inherited)",
					"@executable_path/Frameworks",
					"@loader_path/Frameworks",
				);
				PRODUCT_BUNDLE_IDENTIFIER = com.yamadaryo.EnjoyTaskUITests;
				PRODUCT_NAME = "$(TARGET_NAME)";
				SWIFT_VERSION = 5.0;
				TARGETED_DEVICE_FAMILY = "1,2";
				TEST_TARGET_NAME = EnjoyTask;
			};
			name = Debug;
		};
		92EDE1DD232E80A600B3D94E /* Release */ = {
			isa = XCBuildConfiguration;
			buildSettings = {
				ALWAYS_EMBED_SWIFT_STANDARD_LIBRARIES = YES;
				CODE_SIGN_STYLE = Automatic;
				DEVELOPMENT_TEAM = B7ECV6NH3D;
				INFOPLIST_FILE = EnjoyTaskUITests/Info.plist;
				LD_RUNPATH_SEARCH_PATHS = (
					"$(inherited)",
					"@executable_path/Frameworks",
					"@loader_path/Frameworks",
				);
				PRODUCT_BUNDLE_IDENTIFIER = com.yamadaryo.EnjoyTaskUITests;
				PRODUCT_NAME = "$(TARGET_NAME)";
				SWIFT_VERSION = 5.0;
				TARGETED_DEVICE_FAMILY = "1,2";
				TEST_TARGET_NAME = EnjoyTask;
			};
			name = Release;
		};
/* End XCBuildConfiguration section */

/* Begin XCConfigurationList section */
		92EDE1A6232E80A400B3D94E /* Build configuration list for PBXProject "EnjoyTask" */ = {
			isa = XCConfigurationList;
			buildConfigurations = (
				92EDE1D3232E80A600B3D94E /* Debug */,
				92EDE1D4232E80A600B3D94E /* Release */,
			);
			defaultConfigurationIsVisible = 0;
			defaultConfigurationName = Release;
		};
		92EDE1D5232E80A600B3D94E /* Build configuration list for PBXNativeTarget "EnjoyTask" */ = {
			isa = XCConfigurationList;
			buildConfigurations = (
				92EDE1D6232E80A600B3D94E /* Debug */,
				92EDE1D7232E80A600B3D94E /* Release */,
			);
			defaultConfigurationIsVisible = 0;
			defaultConfigurationName = Release;
		};
		92EDE1D8232E80A600B3D94E /* Build configuration list for PBXNativeTarget "EnjoyTaskTests" */ = {
			isa = XCConfigurationList;
			buildConfigurations = (
				92EDE1D9232E80A600B3D94E /* Debug */,
				92EDE1DA232E80A600B3D94E /* Release */,
			);
			defaultConfigurationIsVisible = 0;
			defaultConfigurationName = Release;
		};
		92EDE1DB232E80A600B3D94E /* Build configuration list for PBXNativeTarget "EnjoyTaskUITests" */ = {
			isa = XCConfigurationList;
			buildConfigurations = (
				92EDE1DC232E80A600B3D94E /* Debug */,
				92EDE1DD232E80A600B3D94E /* Release */,
			);
			defaultConfigurationIsVisible = 0;
			defaultConfigurationName = Release;
		};
/* End XCConfigurationList section */
	};
	rootObject = 92EDE1A3232E80A400B3D94E /* Project object */;
}
